// !$*UTF8*$!
{
	archiveVersion = 1;
	classes = {
	};
	objectVersion = 51;
	objects = {

/* Begin PBXBuildFile section */
		77D73D510FA19896A2D353C5 /* Pods_SampleMusicTests.framework in Frameworks */ = {isa = PBXBuildFile; fileRef = 09954FE8C464F8282BDFE31B /* Pods_SampleMusicTests.framework */; };
		83FEBEB548A22944CFB939B3 /* Pods_SampleMusic_SampleMusicUITests.framework in Frameworks */ = {isa = PBXBuildFile; fileRef = F308F32D44207B62349E262C /* Pods_SampleMusic_SampleMusicUITests.framework */; };
		C30150A727303C2400C85EF3 /* MainScreenDraw.swift in Sources */ = {isa = PBXBuildFile; fileRef = C30150A627303C2400C85EF3 /* MainScreenDraw.swift */; };
		C30150A927312C4600C85EF3 /* RegistrationViewDraw.swift in Sources */ = {isa = PBXBuildFile; fileRef = C30150A827312C4600C85EF3 /* RegistrationViewDraw.swift */; };
		C30150AB27312E3B00C85EF3 /* AddingDataDraw.swift in Sources */ = {isa = PBXBuildFile; fileRef = C30150AA27312E3B00C85EF3 /* AddingDataDraw.swift */; };
		C30150AD27328E6300C85EF3 /* SellerDetailDraw.swift in Sources */ = {isa = PBXBuildFile; fileRef = C30150AC27328E6300C85EF3 /* SellerDetailDraw.swift */; };
		C30150AF2732906600C85EF3 /* ListSamplesDraw.swift in Sources */ = {isa = PBXBuildFile; fileRef = C30150AE2732906600C85EF3 /* ListSamplesDraw.swift */; };
		C30150B12732A59F00C85EF3 /* ListSampleViewModel.swift in Sources */ = {isa = PBXBuildFile; fileRef = C30150B02732A59F00C85EF3 /* ListSampleViewModel.swift */; };
		C30150B72733CD7800C85EF3 /* ListSamplesCoordinator.swift in Sources */ = {isa = PBXBuildFile; fileRef = C30150B62733CD7800C85EF3 /* ListSamplesCoordinator.swift */; };
		C30150BD2733E07300C85EF3 /* TabBarCoordinator.swift in Sources */ = {isa = PBXBuildFile; fileRef = C30150BC2733E07300C85EF3 /* TabBarCoordinator.swift */; };
		C30FC4BF27608CBA00A46C4C /* Localizable.strings in Resources */ = {isa = PBXBuildFile; fileRef = C30FC4C127608CBA00A46C4C /* Localizable.strings */; };
		C30FC4C52760A0FD00A46C4C /* LocalizeKeys.swift in Sources */ = {isa = PBXBuildFile; fileRef = C30FC4C42760A0FD00A46C4C /* LocalizeKeys.swift */; };
		C30FC4C8276779C900A46C4C /* PushNotificationManager.swift in Sources */ = {isa = PBXBuildFile; fileRef = C30FC4C7276779C800A46C4C /* PushNotificationManager.swift */; };
		C30FC4CA27678C4C00A46C4C /* PushNotificationSender.swift in Sources */ = {isa = PBXBuildFile; fileRef = C30FC4C927678C4C00A46C4C /* PushNotificationSender.swift */; };
		C30FC4CC2768A9CD00A46C4C /* NotificationModel.swift in Sources */ = {isa = PBXBuildFile; fileRef = C30FC4CB2768A9CC00A46C4C /* NotificationModel.swift */; };
		C30FC4CE2768BA1700A46C4C /* NotificationDataModel.swift in Sources */ = {isa = PBXBuildFile; fileRef = C30FC4CD2768BA1700A46C4C /* NotificationDataModel.swift */; };
		C30FC4D32769EB7200A46C4C /* FirebaseManager.swift in Sources */ = {isa = PBXBuildFile; fileRef = C30FC4D22769EB7200A46C4C /* FirebaseManager.swift */; };
		C30FC4D5276B566500A46C4C /* StoreCurrencyViewController.swift in Sources */ = {isa = PBXBuildFile; fileRef = C30FC4D4276B566400A46C4C /* StoreCurrencyViewController.swift */; };
		C30FC4D7276B56E200A46C4C /* StoreCurrencyDraw.swift in Sources */ = {isa = PBXBuildFile; fileRef = C30FC4D6276B56E200A46C4C /* StoreCurrencyDraw.swift */; };
		C30FC4D9276B575900A46C4C /* StoreCurrencyCoordinator.swift in Sources */ = {isa = PBXBuildFile; fileRef = C30FC4D8276B575900A46C4C /* StoreCurrencyCoordinator.swift */; };
		C30FC4DB276B61A500A46C4C /* StoreCell.swift in Sources */ = {isa = PBXBuildFile; fileRef = C30FC4DA276B61A500A46C4C /* StoreCell.swift */; };
		C30FC4DD276B635C00A46C4C /* StoreModel.swift in Sources */ = {isa = PBXBuildFile; fileRef = C30FC4DC276B635C00A46C4C /* StoreModel.swift */; };
		C30FC4DF276B64BE00A46C4C /* StoreCellModel.swift in Sources */ = {isa = PBXBuildFile; fileRef = C30FC4DE276B64BE00A46C4C /* StoreCellModel.swift */; };
		C30FC4E1276B666200A46C4C /* StoreViewModel.swift in Sources */ = {isa = PBXBuildFile; fileRef = C30FC4E0276B666200A46C4C /* StoreViewModel.swift */; };
		C30FC4E3276B667B00A46C4C /* StoreImp.swift in Sources */ = {isa = PBXBuildFile; fileRef = C30FC4E2276B667B00A46C4C /* StoreImp.swift */; };
		C310E2F627439D0000C47625 /* UploadMusicImp.swift in Sources */ = {isa = PBXBuildFile; fileRef = C310E2F527439D0000C47625 /* UploadMusicImp.swift */; };
		C310E2F82743DA7600C47625 /* DataCellModel.swift in Sources */ = {isa = PBXBuildFile; fileRef = C310E2F72743DA7500C47625 /* DataCellModel.swift */; };
		C31601192751009000D35E70 /* ChatDetailCoordinator.swift in Sources */ = {isa = PBXBuildFile; fileRef = C31601182751009000D35E70 /* ChatDetailCoordinator.swift */; };
		C316011B2751014300D35E70 /* ChatDetailDrawView.swift in Sources */ = {isa = PBXBuildFile; fileRef = C316011A2751014300D35E70 /* ChatDetailDrawView.swift */; };
		C316011D2751230300D35E70 /* Message.swift in Sources */ = {isa = PBXBuildFile; fileRef = C316011C2751230300D35E70 /* Message.swift */; };
		C316011F2751240C00D35E70 /* ChatDetailViewModel.swift in Sources */ = {isa = PBXBuildFile; fileRef = C316011E2751240C00D35E70 /* ChatDetailViewModel.swift */; };
		C3160121275130A800D35E70 /* SellerDetailCoordinator.swift in Sources */ = {isa = PBXBuildFile; fileRef = C3160120275130A800D35E70 /* SellerDetailCoordinator.swift */; };
		C3255868273A62BC00248FD8 /* RegistrationCoordinator.swift in Sources */ = {isa = PBXBuildFile; fileRef = C3255867273A62BC00248FD8 /* RegistrationCoordinator.swift */; };
		C325586A273A62D600248FD8 /* AddUserDataCoordinator.swift in Sources */ = {isa = PBXBuildFile; fileRef = C3255869273A62D600248FD8 /* AddUserDataCoordinator.swift */; };
		C325586E273A9B7C00248FD8 /* MainCoordinatorImp.swift in Sources */ = {isa = PBXBuildFile; fileRef = C325586D273A9B7C00248FD8 /* MainCoordinatorImp.swift */; };
		C3255872273AA96500248FD8 /* TabBarController.swift in Sources */ = {isa = PBXBuildFile; fileRef = C3255871273AA96500248FD8 /* TabBarController.swift */; };
		C3255874273AC46F00248FD8 /* TabBarControllerViewModel.swift in Sources */ = {isa = PBXBuildFile; fileRef = C3255873273AC46F00248FD8 /* TabBarControllerViewModel.swift */; };
		C3255876273AC4EE00248FD8 /* TabBarImp.swift in Sources */ = {isa = PBXBuildFile; fileRef = C3255875273AC4EE00248FD8 /* TabBarImp.swift */; };
		C3255878273C263200248FD8 /* ViewScreenProtocol.swift in Sources */ = {isa = PBXBuildFile; fileRef = C3255877273C263200248FD8 /* ViewScreenProtocol.swift */; };
		C325587E273D0C5800248FD8 /* MainScreenCoordinator.swift in Sources */ = {isa = PBXBuildFile; fileRef = C325587D273D0C5800248FD8 /* MainScreenCoordinator.swift */; };
		C3255880273EA1C900248FD8 /* StartViewController.swift in Sources */ = {isa = PBXBuildFile; fileRef = C325587F273EA1C900248FD8 /* StartViewController.swift */; };
		C3255882273EA21B00248FD8 /* StartViewDraw.swift in Sources */ = {isa = PBXBuildFile; fileRef = C3255881273EA21B00248FD8 /* StartViewDraw.swift */; };
		C325588427427E7D00248FD8 /* UploadMusicViewController.swift in Sources */ = {isa = PBXBuildFile; fileRef = C325588327427E7D00248FD8 /* UploadMusicViewController.swift */; };
		C325588627427EB400248FD8 /* UploadMusicDraw.swift in Sources */ = {isa = PBXBuildFile; fileRef = C325588527427EB400248FD8 /* UploadMusicDraw.swift */; };
		C325588827427ED800248FD8 /* UploadMusicViewModel.swift in Sources */ = {isa = PBXBuildFile; fileRef = C325588727427ED800248FD8 /* UploadMusicViewModel.swift */; };
		C325588A2742801500248FD8 /* UploadMusicCoordinator.swift in Sources */ = {isa = PBXBuildFile; fileRef = C32558892742801500248FD8 /* UploadMusicCoordinator.swift */; };
		C33CCA7B272BE47A00C7969E /* DetailModel.swift in Sources */ = {isa = PBXBuildFile; fileRef = C33CCA7A272BE47A00C7969E /* DetailModel.swift */; };
		C33CCA7D272C246600C7969E /* CustomTableViewCell.swift in Sources */ = {isa = PBXBuildFile; fileRef = C33CCA7C272C246600C7969E /* CustomTableViewCell.swift */; };
		C33CCA80272C253200C7969E /* SampleModel.swift in Sources */ = {isa = PBXBuildFile; fileRef = C33CCA7F272C253200C7969E /* SampleModel.swift */; };
		C33CCA82272C3BC800C7969E /* SellerDetailViewModel.swift in Sources */ = {isa = PBXBuildFile; fileRef = C33CCA81272C3BC800C7969E /* SellerDetailViewModel.swift */; };
		C366BE532729726200B3E182 /* SellerDetailViewController.swift in Sources */ = {isa = PBXBuildFile; fileRef = C366BE522729726200B3E182 /* SellerDetailViewController.swift */; };
		C366BE5527298E6900B3E182 /* AddingDataViewController.swift in Sources */ = {isa = PBXBuildFile; fileRef = C366BE5427298E6900B3E182 /* AddingDataViewController.swift */; };
		C366BE5727298EBE00B3E182 /* AddingDataAboutUserViewModel.swift in Sources */ = {isa = PBXBuildFile; fileRef = C366BE5627298EBE00B3E182 /* AddingDataAboutUserViewModel.swift */; };
		C366BE59272AEB5B00B3E182 /* EnumStyle.swift in Sources */ = {isa = PBXBuildFile; fileRef = C366BE58272AEB5B00B3E182 /* EnumStyle.swift */; };
		C3767DF8274FB21300F4FF7D /* State.swift in Sources */ = {isa = PBXBuildFile; fileRef = C3767DF7274FB21300F4FF7D /* State.swift */; };
		C3767DFE2750D3D200F4FF7D /* ChatListCell.swift in Sources */ = {isa = PBXBuildFile; fileRef = C3767DFD2750D3D200F4FF7D /* ChatListCell.swift */; };
		C3767E002750DA3500F4FF7D /* ChatPageCoordinator.swift in Sources */ = {isa = PBXBuildFile; fileRef = C3767DFF2750DA3500F4FF7D /* ChatPageCoordinator.swift */; };
		C3767E022750DC7B00F4FF7D /* ChatListModel.swift in Sources */ = {isa = PBXBuildFile; fileRef = C3767E012750DC7B00F4FF7D /* ChatListModel.swift */; };
		C3767E042750DE1A00F4FF7D /* CellChatModel.swift in Sources */ = {isa = PBXBuildFile; fileRef = C3767E032750DE1A00F4FF7D /* CellChatModel.swift */; };
		C3767E062750E5DF00F4FF7D /* ChatDetailCell.swift in Sources */ = {isa = PBXBuildFile; fileRef = C3767E052750E5DF00F4FF7D /* ChatDetailCell.swift */; };
		C3767E082750E62400F4FF7D /* ChatDetailViewController.swift in Sources */ = {isa = PBXBuildFile; fileRef = C3767E072750E62400F4FF7D /* ChatDetailViewController.swift */; };
		C379FEC927393FC5004ECCB9 /* MainControllerImp.swift in Sources */ = {isa = PBXBuildFile; fileRef = C379FEC827393FC5004ECCB9 /* MainControllerImp.swift */; };
		C379FECF273940BB004ECCB9 /* RegistrationControllerImp.swift in Sources */ = {isa = PBXBuildFile; fileRef = C379FECE273940BB004ECCB9 /* RegistrationControllerImp.swift */; };
		C379FED127394390004ECCB9 /* AddingDataImp.swift in Sources */ = {isa = PBXBuildFile; fileRef = C379FED027394390004ECCB9 /* AddingDataImp.swift */; };
		C379FED3273943B4004ECCB9 /* SellerImp.swift in Sources */ = {isa = PBXBuildFile; fileRef = C379FED2273943B4004ECCB9 /* SellerImp.swift */; };
		C379FED5273943CB004ECCB9 /* ListSamplesImp.swift in Sources */ = {isa = PBXBuildFile; fileRef = C379FED4273943CB004ECCB9 /* ListSamplesImp.swift */; };
		C38105602746AFA10071BC79 /* UserDetailViewController.swift in Sources */ = {isa = PBXBuildFile; fileRef = C381055F2746AFA10071BC79 /* UserDetailViewController.swift */; };
		C38105622746B00A0071BC79 /* UserDetailDrawView.swift in Sources */ = {isa = PBXBuildFile; fileRef = C38105612746B00A0071BC79 /* UserDetailDrawView.swift */; };
		C38105642746B0310071BC79 /* UserDetailViewModel.swift in Sources */ = {isa = PBXBuildFile; fileRef = C38105632746B0310071BC79 /* UserDetailViewModel.swift */; };
		C38105662746B07B0071BC79 /* RecordPageViewController.swift in Sources */ = {isa = PBXBuildFile; fileRef = C38105652746B07B0071BC79 /* RecordPageViewController.swift */; };
		C38105682746B0D00071BC79 /* RecordPageDrawView.swift in Sources */ = {isa = PBXBuildFile; fileRef = C38105672746B0D00071BC79 /* RecordPageDrawView.swift */; };
		C381056A2746B0F00071BC79 /* RecordPageViewModel.swift in Sources */ = {isa = PBXBuildFile; fileRef = C38105692746B0F00071BC79 /* RecordPageViewModel.swift */; };
		C381056C2746B1230071BC79 /* ChatPageViewController.swift in Sources */ = {isa = PBXBuildFile; fileRef = C381056B2746B1230071BC79 /* ChatPageViewController.swift */; };
		C381056E2746B1530071BC79 /* ChatPageDrawView.swift in Sources */ = {isa = PBXBuildFile; fileRef = C381056D2746B1530071BC79 /* ChatPageDrawView.swift */; };
		C38105702746B17E0071BC79 /* ChatPageViewModel.swift in Sources */ = {isa = PBXBuildFile; fileRef = C381056F2746B17E0071BC79 /* ChatPageViewModel.swift */; };
		C3810574274B94470071BC79 /* MusicPlayer.swift in Sources */ = {isa = PBXBuildFile; fileRef = C3810573274B94470071BC79 /* MusicPlayer.swift */; };
		C3810576274BB9D40071BC79 /* UserDetailCoordinator.swift in Sources */ = {isa = PBXBuildFile; fileRef = C3810575274BB9D40071BC79 /* UserDetailCoordinator.swift */; };
		C3810578274BCDBF0071BC79 /* UserDetailImp.swift in Sources */ = {isa = PBXBuildFile; fileRef = C3810577274BCDBF0071BC79 /* UserDetailImp.swift */; };
		C381057A274BDA970071BC79 /* RecordPageCoordinator.swift in Sources */ = {isa = PBXBuildFile; fileRef = C3810579274BDA970071BC79 /* RecordPageCoordinator.swift */; };
		C381057C274CD19E0071BC79 /* RecordViewModelImp.swift in Sources */ = {isa = PBXBuildFile; fileRef = C381057B274CD19E0071BC79 /* RecordViewModelImp.swift */; };
		C38156462726A0BF008E83AC /* AppDelegate.swift in Sources */ = {isa = PBXBuildFile; fileRef = C38156452726A0BF008E83AC /* AppDelegate.swift */; };
		C38156482726A0BF008E83AC /* SceneDelegate.swift in Sources */ = {isa = PBXBuildFile; fileRef = C38156472726A0BF008E83AC /* SceneDelegate.swift */; };
		C381564A2726A0BF008E83AC /* MainScreenViewController.swift in Sources */ = {isa = PBXBuildFile; fileRef = C38156492726A0BF008E83AC /* MainScreenViewController.swift */; };
		C381564F2726A0C0008E83AC /* Assets.xcassets in Resources */ = {isa = PBXBuildFile; fileRef = C381564E2726A0C0008E83AC /* Assets.xcassets */; };
		C38156522726A0C0008E83AC /* LaunchScreen.storyboard in Resources */ = {isa = PBXBuildFile; fileRef = C38156502726A0C0008E83AC /* LaunchScreen.storyboard */; };
		C381565D2726A0C1008E83AC /* SampleMusicTests.swift in Sources */ = {isa = PBXBuildFile; fileRef = C381565C2726A0C1008E83AC /* SampleMusicTests.swift */; };
		C38156682726A0C1008E83AC /* SampleMusicUITests.swift in Sources */ = {isa = PBXBuildFile; fileRef = C38156672726A0C1008E83AC /* SampleMusicUITests.swift */; };
		C38156762726A5D9008E83AC /* GoogleService-Info.plist in Resources */ = {isa = PBXBuildFile; fileRef = C38156752726A5D9008E83AC /* GoogleService-Info.plist */; };
		C381567D2726A930008E83AC /* Coordinator.swift in Sources */ = {isa = PBXBuildFile; fileRef = C381567C2726A930008E83AC /* Coordinator.swift */; };
		C381567F2726A962008E83AC /* MainCoordinator.swift in Sources */ = {isa = PBXBuildFile; fileRef = C381567E2726A962008E83AC /* MainCoordinator.swift */; };
		C38156842726F81B008E83AC /* Extension.swift in Sources */ = {isa = PBXBuildFile; fileRef = C38156832726F81B008E83AC /* Extension.swift */; };
		C381568627270783008E83AC /* RegistrationViewController.swift in Sources */ = {isa = PBXBuildFile; fileRef = C381568527270783008E83AC /* RegistrationViewController.swift */; };
		C38156882728147A008E83AC /* MainScreenViewModel.swift in Sources */ = {isa = PBXBuildFile; fileRef = C38156872728147A008E83AC /* MainScreenViewModel.swift */; };
		C381568A27281499008E83AC /* RegistrationViewModel.swift in Sources */ = {isa = PBXBuildFile; fileRef = C381568927281499008E83AC /* RegistrationViewModel.swift */; };
		C381568D27281B3F008E83AC /* Configure.swift in Sources */ = {isa = PBXBuildFile; fileRef = C381568C27281B3F008E83AC /* Configure.swift */; };
		C381568F272822C6008E83AC /* ListSamplesViewController.swift in Sources */ = {isa = PBXBuildFile; fileRef = C381568E272822C6008E83AC /* ListSamplesViewController.swift */; };
		C38BC32E2755105C0027E33C /* ChatDetailImp.swift in Sources */ = {isa = PBXBuildFile; fileRef = C38BC32D2755105C0027E33C /* ChatDetailImp.swift */; };
		C38BC330275518DA0027E33C /* MessageDataModel.swift in Sources */ = {isa = PBXBuildFile; fileRef = C38BC32F275518DA0027E33C /* MessageDataModel.swift */; };
		C397694227566B53006578B5 /* ChatPageImp.swift in Sources */ = {isa = PBXBuildFile; fileRef = C397694127566B53006578B5 /* ChatPageImp.swift */; };
		C3B12B82A5DA3D1EE4F81576 /* Pods_SampleMusic.framework in Frameworks */ = {isa = PBXBuildFile; fileRef = 3A42DF66B3173C4A7A37D45E /* Pods_SampleMusic.framework */; };
/* End PBXBuildFile section */

/* Begin PBXContainerItemProxy section */
		C38156592726A0C1008E83AC /* PBXContainerItemProxy */ = {
			isa = PBXContainerItemProxy;
			containerPortal = C381563A2726A0BF008E83AC /* Project object */;
			proxyType = 1;
			remoteGlobalIDString = C38156412726A0BF008E83AC;
			remoteInfo = SampleMusic;
		};
		C38156642726A0C1008E83AC /* PBXContainerItemProxy */ = {
			isa = PBXContainerItemProxy;
			containerPortal = C381563A2726A0BF008E83AC /* Project object */;
			proxyType = 1;
			remoteGlobalIDString = C38156412726A0BF008E83AC;
			remoteInfo = SampleMusic;
		};
/* End PBXContainerItemProxy section */

/* Begin PBXFileReference section */
		0277E31CC8483FD67AA07039 /* Pods-SampleMusic.debug.xcconfig */ = {isa = PBXFileReference; includeInIndex = 1; lastKnownFileType = text.xcconfig; name = "Pods-SampleMusic.debug.xcconfig"; path = "Target Support Files/Pods-SampleMusic/Pods-SampleMusic.debug.xcconfig"; sourceTree = "<group>"; };
		09954FE8C464F8282BDFE31B /* Pods_SampleMusicTests.framework */ = {isa = PBXFileReference; explicitFileType = wrapper.framework; includeInIndex = 0; path = Pods_SampleMusicTests.framework; sourceTree = BUILT_PRODUCTS_DIR; };
		3A42DF66B3173C4A7A37D45E /* Pods_SampleMusic.framework */ = {isa = PBXFileReference; explicitFileType = wrapper.framework; includeInIndex = 0; path = Pods_SampleMusic.framework; sourceTree = BUILT_PRODUCTS_DIR; };
		773ACBF1A8031B90983DC4CE /* Pods-SampleMusic-SampleMusicUITests.release.xcconfig */ = {isa = PBXFileReference; includeInIndex = 1; lastKnownFileType = text.xcconfig; name = "Pods-SampleMusic-SampleMusicUITests.release.xcconfig"; path = "Target Support Files/Pods-SampleMusic-SampleMusicUITests/Pods-SampleMusic-SampleMusicUITests.release.xcconfig"; sourceTree = "<group>"; };
		88DD22E4CCDE302C2CB06D51 /* Pods-SampleMusicTests.debug.xcconfig */ = {isa = PBXFileReference; includeInIndex = 1; lastKnownFileType = text.xcconfig; name = "Pods-SampleMusicTests.debug.xcconfig"; path = "Target Support Files/Pods-SampleMusicTests/Pods-SampleMusicTests.debug.xcconfig"; sourceTree = "<group>"; };
		96224E30FB8E46D8D3E11B9F /* Pods-SampleMusic-SampleMusicUITests.debug.xcconfig */ = {isa = PBXFileReference; includeInIndex = 1; lastKnownFileType = text.xcconfig; name = "Pods-SampleMusic-SampleMusicUITests.debug.xcconfig"; path = "Target Support Files/Pods-SampleMusic-SampleMusicUITests/Pods-SampleMusic-SampleMusicUITests.debug.xcconfig"; sourceTree = "<group>"; };
		BFA5A92947CA12139B458687 /* Pods-SampleMusicTests.release.xcconfig */ = {isa = PBXFileReference; includeInIndex = 1; lastKnownFileType = text.xcconfig; name = "Pods-SampleMusicTests.release.xcconfig"; path = "Target Support Files/Pods-SampleMusicTests/Pods-SampleMusicTests.release.xcconfig"; sourceTree = "<group>"; };
		C30150A627303C2400C85EF3 /* MainScreenDraw.swift */ = {isa = PBXFileReference; lastKnownFileType = sourcecode.swift; path = MainScreenDraw.swift; sourceTree = "<group>"; };
		C30150A827312C4600C85EF3 /* RegistrationViewDraw.swift */ = {isa = PBXFileReference; lastKnownFileType = sourcecode.swift; path = RegistrationViewDraw.swift; sourceTree = "<group>"; };
		C30150AA27312E3B00C85EF3 /* AddingDataDraw.swift */ = {isa = PBXFileReference; lastKnownFileType = sourcecode.swift; path = AddingDataDraw.swift; sourceTree = "<group>"; };
		C30150AC27328E6300C85EF3 /* SellerDetailDraw.swift */ = {isa = PBXFileReference; lastKnownFileType = sourcecode.swift; path = SellerDetailDraw.swift; sourceTree = "<group>"; };
		C30150AE2732906600C85EF3 /* ListSamplesDraw.swift */ = {isa = PBXFileReference; lastKnownFileType = sourcecode.swift; path = ListSamplesDraw.swift; sourceTree = "<group>"; };
		C30150B02732A59F00C85EF3 /* ListSampleViewModel.swift */ = {isa = PBXFileReference; lastKnownFileType = sourcecode.swift; path = ListSampleViewModel.swift; sourceTree = "<group>"; };
		C30150B62733CD7800C85EF3 /* ListSamplesCoordinator.swift */ = {isa = PBXFileReference; lastKnownFileType = sourcecode.swift; path = ListSamplesCoordinator.swift; sourceTree = "<group>"; };
		C30150BC2733E07300C85EF3 /* TabBarCoordinator.swift */ = {isa = PBXFileReference; lastKnownFileType = sourcecode.swift; path = TabBarCoordinator.swift; sourceTree = "<group>"; };
		C30FC4C027608CBA00A46C4C /* en */ = {isa = PBXFileReference; lastKnownFileType = text.plist.strings; name = en; path = en.lproj/Localizable.strings; sourceTree = "<group>"; };
		C30FC4C227608CDE00A46C4C /* ru */ = {isa = PBXFileReference; lastKnownFileType = text.plist.strings; name = ru; path = ru.lproj/LaunchScreen.strings; sourceTree = "<group>"; };
		C30FC4C327608CE000A46C4C /* ru */ = {isa = PBXFileReference; lastKnownFileType = text.plist.strings; name = ru; path = ru.lproj/Localizable.strings; sourceTree = "<group>"; };
		C30FC4C42760A0FD00A46C4C /* LocalizeKeys.swift */ = {isa = PBXFileReference; lastKnownFileType = sourcecode.swift; path = LocalizeKeys.swift; sourceTree = "<group>"; };
		C30FC4C627675E5A00A46C4C /* SampleMusic.entitlements */ = {isa = PBXFileReference; lastKnownFileType = text.plist.entitlements; path = SampleMusic.entitlements; sourceTree = "<group>"; };
		C30FC4C7276779C800A46C4C /* PushNotificationManager.swift */ = {isa = PBXFileReference; lastKnownFileType = sourcecode.swift; path = PushNotificationManager.swift; sourceTree = "<group>"; };
		C30FC4C927678C4C00A46C4C /* PushNotificationSender.swift */ = {isa = PBXFileReference; lastKnownFileType = sourcecode.swift; path = PushNotificationSender.swift; sourceTree = "<group>"; };
		C30FC4CB2768A9CC00A46C4C /* NotificationModel.swift */ = {isa = PBXFileReference; lastKnownFileType = sourcecode.swift; path = NotificationModel.swift; sourceTree = "<group>"; };
		C30FC4CD2768BA1700A46C4C /* NotificationDataModel.swift */ = {isa = PBXFileReference; lastKnownFileType = sourcecode.swift; path = NotificationDataModel.swift; sourceTree = "<group>"; };
		C30FC4D22769EB7200A46C4C /* FirebaseManager.swift */ = {isa = PBXFileReference; lastKnownFileType = sourcecode.swift; path = FirebaseManager.swift; sourceTree = "<group>"; };
		C30FC4D4276B566400A46C4C /* StoreCurrencyViewController.swift */ = {isa = PBXFileReference; lastKnownFileType = sourcecode.swift; path = StoreCurrencyViewController.swift; sourceTree = "<group>"; };
		C30FC4D6276B56E200A46C4C /* StoreCurrencyDraw.swift */ = {isa = PBXFileReference; lastKnownFileType = sourcecode.swift; path = StoreCurrencyDraw.swift; sourceTree = "<group>"; };
		C30FC4D8276B575900A46C4C /* StoreCurrencyCoordinator.swift */ = {isa = PBXFileReference; lastKnownFileType = sourcecode.swift; path = StoreCurrencyCoordinator.swift; sourceTree = "<group>"; };
		C30FC4DA276B61A500A46C4C /* StoreCell.swift */ = {isa = PBXFileReference; lastKnownFileType = sourcecode.swift; path = StoreCell.swift; sourceTree = "<group>"; };
		C30FC4DC276B635C00A46C4C /* StoreModel.swift */ = {isa = PBXFileReference; lastKnownFileType = sourcecode.swift; path = StoreModel.swift; sourceTree = "<group>"; };
		C30FC4DE276B64BE00A46C4C /* StoreCellModel.swift */ = {isa = PBXFileReference; lastKnownFileType = sourcecode.swift; path = StoreCellModel.swift; sourceTree = "<group>"; };
		C30FC4E0276B666200A46C4C /* StoreViewModel.swift */ = {isa = PBXFileReference; lastKnownFileType = sourcecode.swift; path = StoreViewModel.swift; sourceTree = "<group>"; };
		C30FC4E2276B667B00A46C4C /* StoreImp.swift */ = {isa = PBXFileReference; lastKnownFileType = sourcecode.swift; path = StoreImp.swift; sourceTree = "<group>"; };
		C310E2F527439D0000C47625 /* UploadMusicImp.swift */ = {isa = PBXFileReference; lastKnownFileType = sourcecode.swift; path = UploadMusicImp.swift; sourceTree = "<group>"; };
		C310E2F72743DA7500C47625 /* DataCellModel.swift */ = {isa = PBXFileReference; lastKnownFileType = sourcecode.swift; path = DataCellModel.swift; sourceTree = "<group>"; };
		C31601182751009000D35E70 /* ChatDetailCoordinator.swift */ = {isa = PBXFileReference; lastKnownFileType = sourcecode.swift; path = ChatDetailCoordinator.swift; sourceTree = "<group>"; };
		C316011A2751014300D35E70 /* ChatDetailDrawView.swift */ = {isa = PBXFileReference; lastKnownFileType = sourcecode.swift; path = ChatDetailDrawView.swift; sourceTree = "<group>"; };
		C316011C2751230300D35E70 /* Message.swift */ = {isa = PBXFileReference; lastKnownFileType = sourcecode.swift; path = Message.swift; sourceTree = "<group>"; };
		C316011E2751240C00D35E70 /* ChatDetailViewModel.swift */ = {isa = PBXFileReference; lastKnownFileType = sourcecode.swift; path = ChatDetailViewModel.swift; sourceTree = "<group>"; };
		C3160120275130A800D35E70 /* SellerDetailCoordinator.swift */ = {isa = PBXFileReference; lastKnownFileType = sourcecode.swift; path = SellerDetailCoordinator.swift; sourceTree = "<group>"; };
		C3255867273A62BC00248FD8 /* RegistrationCoordinator.swift */ = {isa = PBXFileReference; lastKnownFileType = sourcecode.swift; path = RegistrationCoordinator.swift; sourceTree = "<group>"; };
		C3255869273A62D600248FD8 /* AddUserDataCoordinator.swift */ = {isa = PBXFileReference; lastKnownFileType = sourcecode.swift; path = AddUserDataCoordinator.swift; sourceTree = "<group>"; };
		C325586D273A9B7C00248FD8 /* MainCoordinatorImp.swift */ = {isa = PBXFileReference; lastKnownFileType = sourcecode.swift; path = MainCoordinatorImp.swift; sourceTree = "<group>"; };
		C3255871273AA96500248FD8 /* TabBarController.swift */ = {isa = PBXFileReference; lastKnownFileType = sourcecode.swift; path = TabBarController.swift; sourceTree = "<group>"; };
		C3255873273AC46F00248FD8 /* TabBarControllerViewModel.swift */ = {isa = PBXFileReference; lastKnownFileType = sourcecode.swift; path = TabBarControllerViewModel.swift; sourceTree = "<group>"; };
		C3255875273AC4EE00248FD8 /* TabBarImp.swift */ = {isa = PBXFileReference; lastKnownFileType = sourcecode.swift; path = TabBarImp.swift; sourceTree = "<group>"; };
		C3255877273C263200248FD8 /* ViewScreenProtocol.swift */ = {isa = PBXFileReference; lastKnownFileType = sourcecode.swift; path = ViewScreenProtocol.swift; sourceTree = "<group>"; };
		C325587D273D0C5800248FD8 /* MainScreenCoordinator.swift */ = {isa = PBXFileReference; lastKnownFileType = sourcecode.swift; path = MainScreenCoordinator.swift; sourceTree = "<group>"; };
		C325587F273EA1C900248FD8 /* StartViewController.swift */ = {isa = PBXFileReference; lastKnownFileType = sourcecode.swift; path = StartViewController.swift; sourceTree = "<group>"; };
		C3255881273EA21B00248FD8 /* StartViewDraw.swift */ = {isa = PBXFileReference; lastKnownFileType = sourcecode.swift; path = StartViewDraw.swift; sourceTree = "<group>"; };
		C325588327427E7D00248FD8 /* UploadMusicViewController.swift */ = {isa = PBXFileReference; lastKnownFileType = sourcecode.swift; path = UploadMusicViewController.swift; sourceTree = "<group>"; };
		C325588527427EB400248FD8 /* UploadMusicDraw.swift */ = {isa = PBXFileReference; lastKnownFileType = sourcecode.swift; path = UploadMusicDraw.swift; sourceTree = "<group>"; };
		C325588727427ED800248FD8 /* UploadMusicViewModel.swift */ = {isa = PBXFileReference; lastKnownFileType = sourcecode.swift; path = UploadMusicViewModel.swift; sourceTree = "<group>"; };
		C32558892742801500248FD8 /* UploadMusicCoordinator.swift */ = {isa = PBXFileReference; lastKnownFileType = sourcecode.swift; path = UploadMusicCoordinator.swift; sourceTree = "<group>"; };
		C33CCA7A272BE47A00C7969E /* DetailModel.swift */ = {isa = PBXFileReference; lastKnownFileType = sourcecode.swift; path = DetailModel.swift; sourceTree = "<group>"; };
		C33CCA7C272C246600C7969E /* CustomTableViewCell.swift */ = {isa = PBXFileReference; lastKnownFileType = sourcecode.swift; path = CustomTableViewCell.swift; sourceTree = "<group>"; };
		C33CCA7F272C253200C7969E /* SampleModel.swift */ = {isa = PBXFileReference; lastKnownFileType = sourcecode.swift; path = SampleModel.swift; sourceTree = "<group>"; };
		C33CCA81272C3BC800C7969E /* SellerDetailViewModel.swift */ = {isa = PBXFileReference; lastKnownFileType = sourcecode.swift; path = SellerDetailViewModel.swift; sourceTree = "<group>"; };
		C366BE522729726200B3E182 /* SellerDetailViewController.swift */ = {isa = PBXFileReference; lastKnownFileType = sourcecode.swift; path = SellerDetailViewController.swift; sourceTree = "<group>"; };
		C366BE5427298E6900B3E182 /* AddingDataViewController.swift */ = {isa = PBXFileReference; lastKnownFileType = sourcecode.swift; path = AddingDataViewController.swift; sourceTree = "<group>"; };
		C366BE5627298EBE00B3E182 /* AddingDataAboutUserViewModel.swift */ = {isa = PBXFileReference; lastKnownFileType = sourcecode.swift; path = AddingDataAboutUserViewModel.swift; sourceTree = "<group>"; };
		C366BE58272AEB5B00B3E182 /* EnumStyle.swift */ = {isa = PBXFileReference; lastKnownFileType = sourcecode.swift; path = EnumStyle.swift; sourceTree = "<group>"; };
		C3767DF7274FB21300F4FF7D /* State.swift */ = {isa = PBXFileReference; lastKnownFileType = sourcecode.swift; path = State.swift; sourceTree = "<group>"; };
		C3767DFD2750D3D200F4FF7D /* ChatListCell.swift */ = {isa = PBXFileReference; lastKnownFileType = sourcecode.swift; path = ChatListCell.swift; sourceTree = "<group>"; };
		C3767DFF2750DA3500F4FF7D /* ChatPageCoordinator.swift */ = {isa = PBXFileReference; lastKnownFileType = sourcecode.swift; path = ChatPageCoordinator.swift; sourceTree = "<group>"; };
		C3767E012750DC7B00F4FF7D /* ChatListModel.swift */ = {isa = PBXFileReference; lastKnownFileType = sourcecode.swift; path = ChatListModel.swift; sourceTree = "<group>"; };
		C3767E032750DE1A00F4FF7D /* CellChatModel.swift */ = {isa = PBXFileReference; lastKnownFileType = sourcecode.swift; path = CellChatModel.swift; sourceTree = "<group>"; };
		C3767E052750E5DF00F4FF7D /* ChatDetailCell.swift */ = {isa = PBXFileReference; lastKnownFileType = sourcecode.swift; path = ChatDetailCell.swift; sourceTree = "<group>"; };
		C3767E072750E62400F4FF7D /* ChatDetailViewController.swift */ = {isa = PBXFileReference; lastKnownFileType = sourcecode.swift; path = ChatDetailViewController.swift; sourceTree = "<group>"; };
		C379FEC827393FC5004ECCB9 /* MainControllerImp.swift */ = {isa = PBXFileReference; lastKnownFileType = sourcecode.swift; path = MainControllerImp.swift; sourceTree = "<group>"; };
		C379FECE273940BB004ECCB9 /* RegistrationControllerImp.swift */ = {isa = PBXFileReference; lastKnownFileType = sourcecode.swift; path = RegistrationControllerImp.swift; sourceTree = "<group>"; };
		C379FED027394390004ECCB9 /* AddingDataImp.swift */ = {isa = PBXFileReference; lastKnownFileType = sourcecode.swift; path = AddingDataImp.swift; sourceTree = "<group>"; };
		C379FED2273943B4004ECCB9 /* SellerImp.swift */ = {isa = PBXFileReference; lastKnownFileType = sourcecode.swift; path = SellerImp.swift; sourceTree = "<group>"; };
		C379FED4273943CB004ECCB9 /* ListSamplesImp.swift */ = {isa = PBXFileReference; lastKnownFileType = sourcecode.swift; path = ListSamplesImp.swift; sourceTree = "<group>"; };
		C381055F2746AFA10071BC79 /* UserDetailViewController.swift */ = {isa = PBXFileReference; lastKnownFileType = sourcecode.swift; path = UserDetailViewController.swift; sourceTree = "<group>"; };
		C38105612746B00A0071BC79 /* UserDetailDrawView.swift */ = {isa = PBXFileReference; lastKnownFileType = sourcecode.swift; path = UserDetailDrawView.swift; sourceTree = "<group>"; };
		C38105632746B0310071BC79 /* UserDetailViewModel.swift */ = {isa = PBXFileReference; lastKnownFileType = sourcecode.swift; path = UserDetailViewModel.swift; sourceTree = "<group>"; };
		C38105652746B07B0071BC79 /* RecordPageViewController.swift */ = {isa = PBXFileReference; lastKnownFileType = sourcecode.swift; path = RecordPageViewController.swift; sourceTree = "<group>"; };
		C38105672746B0D00071BC79 /* RecordPageDrawView.swift */ = {isa = PBXFileReference; lastKnownFileType = sourcecode.swift; path = RecordPageDrawView.swift; sourceTree = "<group>"; };
		C38105692746B0F00071BC79 /* RecordPageViewModel.swift */ = {isa = PBXFileReference; lastKnownFileType = sourcecode.swift; path = RecordPageViewModel.swift; sourceTree = "<group>"; };
		C381056B2746B1230071BC79 /* ChatPageViewController.swift */ = {isa = PBXFileReference; lastKnownFileType = sourcecode.swift; path = ChatPageViewController.swift; sourceTree = "<group>"; };
		C381056D2746B1530071BC79 /* ChatPageDrawView.swift */ = {isa = PBXFileReference; lastKnownFileType = sourcecode.swift; path = ChatPageDrawView.swift; sourceTree = "<group>"; };
		C381056F2746B17E0071BC79 /* ChatPageViewModel.swift */ = {isa = PBXFileReference; lastKnownFileType = sourcecode.swift; path = ChatPageViewModel.swift; sourceTree = "<group>"; };
		C3810573274B94470071BC79 /* MusicPlayer.swift */ = {isa = PBXFileReference; lastKnownFileType = sourcecode.swift; path = MusicPlayer.swift; sourceTree = "<group>"; };
		C3810575274BB9D40071BC79 /* UserDetailCoordinator.swift */ = {isa = PBXFileReference; lastKnownFileType = sourcecode.swift; path = UserDetailCoordinator.swift; sourceTree = "<group>"; };
		C3810577274BCDBF0071BC79 /* UserDetailImp.swift */ = {isa = PBXFileReference; lastKnownFileType = sourcecode.swift; path = UserDetailImp.swift; sourceTree = "<group>"; };
		C3810579274BDA970071BC79 /* RecordPageCoordinator.swift */ = {isa = PBXFileReference; lastKnownFileType = sourcecode.swift; path = RecordPageCoordinator.swift; sourceTree = "<group>"; };
		C381057B274CD19E0071BC79 /* RecordViewModelImp.swift */ = {isa = PBXFileReference; lastKnownFileType = sourcecode.swift; path = RecordViewModelImp.swift; sourceTree = "<group>"; };
		C38156422726A0BF008E83AC /* SampleMusic.app */ = {isa = PBXFileReference; explicitFileType = wrapper.application; includeInIndex = 0; path = SampleMusic.app; sourceTree = BUILT_PRODUCTS_DIR; };
		C38156452726A0BF008E83AC /* AppDelegate.swift */ = {isa = PBXFileReference; lastKnownFileType = sourcecode.swift; path = AppDelegate.swift; sourceTree = "<group>"; };
		C38156472726A0BF008E83AC /* SceneDelegate.swift */ = {isa = PBXFileReference; lastKnownFileType = sourcecode.swift; path = SceneDelegate.swift; sourceTree = "<group>"; };
		C38156492726A0BF008E83AC /* MainScreenViewController.swift */ = {isa = PBXFileReference; lastKnownFileType = sourcecode.swift; path = MainScreenViewController.swift; sourceTree = "<group>"; };
		C381564E2726A0C0008E83AC /* Assets.xcassets */ = {isa = PBXFileReference; lastKnownFileType = folder.assetcatalog; path = Assets.xcassets; sourceTree = "<group>"; };
		C38156512726A0C0008E83AC /* Base */ = {isa = PBXFileReference; lastKnownFileType = file.storyboard; name = Base; path = Base.lproj/LaunchScreen.storyboard; sourceTree = "<group>"; };
		C38156532726A0C0008E83AC /* Info.plist */ = {isa = PBXFileReference; lastKnownFileType = text.plist.xml; path = Info.plist; sourceTree = "<group>"; };
		C38156582726A0C1008E83AC /* SampleMusicTests.xctest */ = {isa = PBXFileReference; explicitFileType = wrapper.cfbundle; includeInIndex = 0; path = SampleMusicTests.xctest; sourceTree = BUILT_PRODUCTS_DIR; };
		C381565C2726A0C1008E83AC /* SampleMusicTests.swift */ = {isa = PBXFileReference; lastKnownFileType = sourcecode.swift; path = SampleMusicTests.swift; sourceTree = "<group>"; };
		C381565E2726A0C1008E83AC /* Info.plist */ = {isa = PBXFileReference; lastKnownFileType = text.plist.xml; path = Info.plist; sourceTree = "<group>"; };
		C38156632726A0C1008E83AC /* SampleMusicUITests.xctest */ = {isa = PBXFileReference; explicitFileType = wrapper.cfbundle; includeInIndex = 0; path = SampleMusicUITests.xctest; sourceTree = BUILT_PRODUCTS_DIR; };
		C38156672726A0C1008E83AC /* SampleMusicUITests.swift */ = {isa = PBXFileReference; lastKnownFileType = sourcecode.swift; path = SampleMusicUITests.swift; sourceTree = "<group>"; };
		C38156692726A0C1008E83AC /* Info.plist */ = {isa = PBXFileReference; lastKnownFileType = text.plist.xml; path = Info.plist; sourceTree = "<group>"; };
		C38156752726A5D9008E83AC /* GoogleService-Info.plist */ = {isa = PBXFileReference; fileEncoding = 4; lastKnownFileType = text.plist.xml; path = "GoogleService-Info.plist"; sourceTree = "<group>"; };
		C381567C2726A930008E83AC /* Coordinator.swift */ = {isa = PBXFileReference; lastKnownFileType = sourcecode.swift; path = Coordinator.swift; sourceTree = "<group>"; };
		C381567E2726A962008E83AC /* MainCoordinator.swift */ = {isa = PBXFileReference; lastKnownFileType = sourcecode.swift; path = MainCoordinator.swift; sourceTree = "<group>"; };
		C38156832726F81B008E83AC /* Extension.swift */ = {isa = PBXFileReference; lastKnownFileType = sourcecode.swift; path = Extension.swift; sourceTree = "<group>"; };
		C381568527270783008E83AC /* RegistrationViewController.swift */ = {isa = PBXFileReference; lastKnownFileType = sourcecode.swift; path = RegistrationViewController.swift; sourceTree = "<group>"; };
		C38156872728147A008E83AC /* MainScreenViewModel.swift */ = {isa = PBXFileReference; lastKnownFileType = sourcecode.swift; path = MainScreenViewModel.swift; sourceTree = "<group>"; };
		C381568927281499008E83AC /* RegistrationViewModel.swift */ = {isa = PBXFileReference; lastKnownFileType = sourcecode.swift; path = RegistrationViewModel.swift; sourceTree = "<group>"; };
		C381568C27281B3F008E83AC /* Configure.swift */ = {isa = PBXFileReference; lastKnownFileType = sourcecode.swift; path = Configure.swift; sourceTree = "<group>"; };
		C381568E272822C6008E83AC /* ListSamplesViewController.swift */ = {isa = PBXFileReference; lastKnownFileType = sourcecode.swift; path = ListSamplesViewController.swift; sourceTree = "<group>"; };
		C38BC32D2755105C0027E33C /* ChatDetailImp.swift */ = {isa = PBXFileReference; lastKnownFileType = sourcecode.swift; path = ChatDetailImp.swift; sourceTree = "<group>"; };
		C38BC32F275518DA0027E33C /* MessageDataModel.swift */ = {isa = PBXFileReference; lastKnownFileType = sourcecode.swift; path = MessageDataModel.swift; sourceTree = "<group>"; };
		C397694127566B53006578B5 /* ChatPageImp.swift */ = {isa = PBXFileReference; lastKnownFileType = sourcecode.swift; path = ChatPageImp.swift; sourceTree = "<group>"; };
		E4DC9775D6CA46AC94652080 /* Pods-SampleMusic.release.xcconfig */ = {isa = PBXFileReference; includeInIndex = 1; lastKnownFileType = text.xcconfig; name = "Pods-SampleMusic.release.xcconfig"; path = "Target Support Files/Pods-SampleMusic/Pods-SampleMusic.release.xcconfig"; sourceTree = "<group>"; };
		F308F32D44207B62349E262C /* Pods_SampleMusic_SampleMusicUITests.framework */ = {isa = PBXFileReference; explicitFileType = wrapper.framework; includeInIndex = 0; path = Pods_SampleMusic_SampleMusicUITests.framework; sourceTree = BUILT_PRODUCTS_DIR; };
/* End PBXFileReference section */

/* Begin PBXFrameworksBuildPhase section */
		C381563F2726A0BF008E83AC /* Frameworks */ = {
			isa = PBXFrameworksBuildPhase;
			buildActionMask = 2147483647;
			files = (
				C3B12B82A5DA3D1EE4F81576 /* Pods_SampleMusic.framework in Frameworks */,
			);
			runOnlyForDeploymentPostprocessing = 0;
		};
		C38156552726A0C1008E83AC /* Frameworks */ = {
			isa = PBXFrameworksBuildPhase;
			buildActionMask = 2147483647;
			files = (
				77D73D510FA19896A2D353C5 /* Pods_SampleMusicTests.framework in Frameworks */,
			);
			runOnlyForDeploymentPostprocessing = 0;
		};
		C38156602726A0C1008E83AC /* Frameworks */ = {
			isa = PBXFrameworksBuildPhase;
			buildActionMask = 2147483647;
			files = (
				83FEBEB548A22944CFB939B3 /* Pods_SampleMusic_SampleMusicUITests.framework in Frameworks */,
			);
			runOnlyForDeploymentPostprocessing = 0;
		};
/* End PBXFrameworksBuildPhase section */

/* Begin PBXGroup section */
		1AD2A7C3C4FD536EAA9D7DB5 /* Pods */ = {
			isa = PBXGroup;
			children = (
				0277E31CC8483FD67AA07039 /* Pods-SampleMusic.debug.xcconfig */,
				E4DC9775D6CA46AC94652080 /* Pods-SampleMusic.release.xcconfig */,
				96224E30FB8E46D8D3E11B9F /* Pods-SampleMusic-SampleMusicUITests.debug.xcconfig */,
				773ACBF1A8031B90983DC4CE /* Pods-SampleMusic-SampleMusicUITests.release.xcconfig */,
				88DD22E4CCDE302C2CB06D51 /* Pods-SampleMusicTests.debug.xcconfig */,
				BFA5A92947CA12139B458687 /* Pods-SampleMusicTests.release.xcconfig */,
			);
			path = Pods;
			sourceTree = "<group>";
		};
		4352206C03B8776A531A0B8F /* Frameworks */ = {
			isa = PBXGroup;
			children = (
				3A42DF66B3173C4A7A37D45E /* Pods_SampleMusic.framework */,
				F308F32D44207B62349E262C /* Pods_SampleMusic_SampleMusicUITests.framework */,
				09954FE8C464F8282BDFE31B /* Pods_SampleMusicTests.framework */,
			);
			name = Frameworks;
			sourceTree = "<group>";
		};
		C30150BE2733E0C100C85EF3 /* TabBarCoordinator */ = {
			isa = PBXGroup;
			children = (
				C30150BC2733E07300C85EF3 /* TabBarCoordinator.swift */,
				C30150B62733CD7800C85EF3 /* ListSamplesCoordinator.swift */,
			);
			path = TabBarCoordinator;
			sourceTree = "<group>";
		};
		C30FC4CF2768CA0400A46C4C /* Notification */ = {
			isa = PBXGroup;
			children = (
				C30FC4C7276779C800A46C4C /* PushNotificationManager.swift */,
				C30FC4C927678C4C00A46C4C /* PushNotificationSender.swift */,
			);
			path = Notification;
			sourceTree = "<group>";
		};
		C30FC4D02769E08D00A46C4C /* Managers */ = {
			isa = PBXGroup;
			children = (
				C30FC4D12769EB5D00A46C4C /* Firebase */,
				C30FC4CF2768CA0400A46C4C /* Notification */,
			);
			path = Managers;
			sourceTree = "<group>";
		};
		C30FC4D12769EB5D00A46C4C /* Firebase */ = {
			isa = PBXGroup;
			children = (
				C30FC4D22769EB7200A46C4C /* FirebaseManager.swift */,
			);
			path = Firebase;
			sourceTree = "<group>";
		};
		C30FC4E4276B6D2500A46C4C /* Main Screen */ = {
			isa = PBXGroup;
			children = (
				C30FC4E8276B6D6100A46C4C /* Drawing View */,
				C30FC4E6276B6D3A00A46C4C /* ViewModel */,
				C30FC4E5276B6D3300A46C4C /* View */,
			);
			path = "Main Screen";
			sourceTree = "<group>";
		};
		C30FC4E5276B6D3300A46C4C /* View */ = {
			isa = PBXGroup;
			children = (
				C38156492726A0BF008E83AC /* MainScreenViewController.swift */,
			);
			path = View;
			sourceTree = "<group>";
		};
		C30FC4E6276B6D3A00A46C4C /* ViewModel */ = {
			isa = PBXGroup;
			children = (
				C38156872728147A008E83AC /* MainScreenViewModel.swift */,
			);
			path = ViewModel;
			sourceTree = "<group>";
		};
		C30FC4E8276B6D6100A46C4C /* Drawing View */ = {
			isa = PBXGroup;
			children = (
				C30150A627303C2400C85EF3 /* MainScreenDraw.swift */,
			);
			path = "Drawing View";
			sourceTree = "<group>";
		};
		C30FC4E9276B6D8900A46C4C /* Registration Screen */ = {
			isa = PBXGroup;
			children = (
				C30FC4EC276B6DAF00A46C4C /* View */,
				C30FC4EB276B6DA500A46C4C /* ViewModel */,
				C30FC4EA276B6D9D00A46C4C /* DrawingView */,
			);
			path = "Registration Screen";
			sourceTree = "<group>";
		};
		C30FC4EA276B6D9D00A46C4C /* DrawingView */ = {
			isa = PBXGroup;
			children = (
				C30150A827312C4600C85EF3 /* RegistrationViewDraw.swift */,
			);
			path = DrawingView;
			sourceTree = "<group>";
		};
		C30FC4EB276B6DA500A46C4C /* ViewModel */ = {
			isa = PBXGroup;
			children = (
				C381568927281499008E83AC /* RegistrationViewModel.swift */,
			);
			path = ViewModel;
			sourceTree = "<group>";
		};
		C30FC4EC276B6DAF00A46C4C /* View */ = {
			isa = PBXGroup;
			children = (
				C381568527270783008E83AC /* RegistrationViewController.swift */,
			);
			path = View;
			sourceTree = "<group>";
		};
		C30FC4ED276B6DD000A46C4C /* Adding Data Screen */ = {
			isa = PBXGroup;
			children = (
				C30FC4F0276B6DFB00A46C4C /* DrawingView */,
				C30FC4EF276B6DF200A46C4C /* ViewModel */,
				C30FC4EE276B6DEB00A46C4C /* View */,
			);
			path = "Adding Data Screen";
			sourceTree = "<group>";
		};
		C30FC4EE276B6DEB00A46C4C /* View */ = {
			isa = PBXGroup;
			children = (
				C366BE5427298E6900B3E182 /* AddingDataViewController.swift */,
			);
			path = View;
			sourceTree = "<group>";
		};
		C30FC4EF276B6DF200A46C4C /* ViewModel */ = {
			isa = PBXGroup;
			children = (
				C366BE5627298EBE00B3E182 /* AddingDataAboutUserViewModel.swift */,
			);
			path = ViewModel;
			sourceTree = "<group>";
		};
		C30FC4F0276B6DFB00A46C4C /* DrawingView */ = {
			isa = PBXGroup;
			children = (
				C30150AA27312E3B00C85EF3 /* AddingDataDraw.swift */,
			);
			path = DrawingView;
			sourceTree = "<group>";
		};
		C30FC4F1276B6E1400A46C4C /* Seller Detail Screen */ = {
			isa = PBXGroup;
			children = (
				C30FC4F4276B6E3100A46C4C /* DrawingView */,
				C30FC4F3276B6E2900A46C4C /* ViewModel */,
				C30FC4F2276B6E2400A46C4C /* View */,
			);
			path = "Seller Detail Screen";
			sourceTree = "<group>";
		};
		C30FC4F2276B6E2400A46C4C /* View */ = {
			isa = PBXGroup;
			children = (
				C366BE522729726200B3E182 /* SellerDetailViewController.swift */,
			);
			path = View;
			sourceTree = "<group>";
		};
		C30FC4F3276B6E2900A46C4C /* ViewModel */ = {
			isa = PBXGroup;
			children = (
				C33CCA81272C3BC800C7969E /* SellerDetailViewModel.swift */,
			);
			path = ViewModel;
			sourceTree = "<group>";
		};
		C30FC4F4276B6E3100A46C4C /* DrawingView */ = {
			isa = PBXGroup;
			children = (
				C30150AC27328E6300C85EF3 /* SellerDetailDraw.swift */,
			);
			path = DrawingView;
			sourceTree = "<group>";
		};
		C30FC4F5276B6E5200A46C4C /* List Samples Screen */ = {
			isa = PBXGroup;
			children = (
				C30FC4F8276B6E6B00A46C4C /* DrawingView */,
				C30FC4F7276B6E6200A46C4C /* ViewModel */,
				C30FC4F6276B6E5D00A46C4C /* View */,
			);
			path = "List Samples Screen";
			sourceTree = "<group>";
		};
		C30FC4F6276B6E5D00A46C4C /* View */ = {
			isa = PBXGroup;
			children = (
				C381568E272822C6008E83AC /* ListSamplesViewController.swift */,
			);
			path = View;
			sourceTree = "<group>";
		};
		C30FC4F7276B6E6200A46C4C /* ViewModel */ = {
			isa = PBXGroup;
			children = (
				C30150B02732A59F00C85EF3 /* ListSampleViewModel.swift */,
			);
			path = ViewModel;
			sourceTree = "<group>";
		};
		C30FC4F8276B6E6B00A46C4C /* DrawingView */ = {
			isa = PBXGroup;
			children = (
				C30150AE2732906600C85EF3 /* ListSamplesDraw.swift */,
			);
			path = DrawingView;
			sourceTree = "<group>";
		};
		C30FC4F9276B6E8000A46C4C /* Tab Bar Screen */ = {
			isa = PBXGroup;
			children = (
				C30FC4FB276B6E9D00A46C4C /* ViewModel */,
				C30FC4FA276B6E9800A46C4C /* View */,
			);
			path = "Tab Bar Screen";
			sourceTree = "<group>";
		};
		C30FC4FA276B6E9800A46C4C /* View */ = {
			isa = PBXGroup;
			children = (
				C3255871273AA96500248FD8 /* TabBarController.swift */,
			);
			path = View;
			sourceTree = "<group>";
		};
		C30FC4FB276B6E9D00A46C4C /* ViewModel */ = {
			isa = PBXGroup;
			children = (
				C3255873273AC46F00248FD8 /* TabBarControllerViewModel.swift */,
			);
			path = ViewModel;
			sourceTree = "<group>";
		};
		C30FC4FD276B6ECF00A46C4C /* Start View Screen */ = {
			isa = PBXGroup;
			children = (
				C30FC4FF276B6EEE00A46C4C /* View */,
				C30FC4FE276B6EDF00A46C4C /* Drawing View */,
			);
			path = "Start View Screen";
			sourceTree = "<group>";
		};
		C30FC4FE276B6EDF00A46C4C /* Drawing View */ = {
			isa = PBXGroup;
			children = (
				C3255881273EA21B00248FD8 /* StartViewDraw.swift */,
			);
			path = "Drawing View";
			sourceTree = "<group>";
		};
		C30FC4FF276B6EEE00A46C4C /* View */ = {
			isa = PBXGroup;
			children = (
				C325587F273EA1C900248FD8 /* StartViewController.swift */,
			);
			path = View;
			sourceTree = "<group>";
		};
		C30FC500276B6EFD00A46C4C /* Upload View Screen */ = {
			isa = PBXGroup;
			children = (
				C30FC503276B6F1D00A46C4C /* Drawing View */,
				C30FC502276B6F1000A46C4C /* ViewModel */,
				C30FC501276B6F0B00A46C4C /* View */,
			);
			path = "Upload View Screen";
			sourceTree = "<group>";
		};
		C30FC501276B6F0B00A46C4C /* View */ = {
			isa = PBXGroup;
			children = (
				C325588327427E7D00248FD8 /* UploadMusicViewController.swift */,
			);
			path = View;
			sourceTree = "<group>";
		};
		C30FC502276B6F1000A46C4C /* ViewModel */ = {
			isa = PBXGroup;
			children = (
				C325588727427ED800248FD8 /* UploadMusicViewModel.swift */,
			);
			path = ViewModel;
			sourceTree = "<group>";
		};
		C30FC503276B6F1D00A46C4C /* Drawing View */ = {
			isa = PBXGroup;
			children = (
				C325588527427EB400248FD8 /* UploadMusicDraw.swift */,
			);
			path = "Drawing View";
			sourceTree = "<group>";
		};
		C30FC504276B6F3000A46C4C /* User Detail Screen */ = {
			isa = PBXGroup;
			children = (
				C30FC507276B6F4700A46C4C /* DrawingView */,
				C30FC506276B6F4000A46C4C /* ViewModel */,
				C30FC505276B6F3B00A46C4C /* View */,
			);
			path = "User Detail Screen";
			sourceTree = "<group>";
		};
		C30FC505276B6F3B00A46C4C /* View */ = {
			isa = PBXGroup;
			children = (
				C381055F2746AFA10071BC79 /* UserDetailViewController.swift */,
			);
			path = View;
			sourceTree = "<group>";
		};
		C30FC506276B6F4000A46C4C /* ViewModel */ = {
			isa = PBXGroup;
			children = (
				C38105632746B0310071BC79 /* UserDetailViewModel.swift */,
			);
			path = ViewModel;
			sourceTree = "<group>";
		};
		C30FC507276B6F4700A46C4C /* DrawingView */ = {
			isa = PBXGroup;
			children = (
				C38105612746B00A0071BC79 /* UserDetailDrawView.swift */,
			);
			path = DrawingView;
			sourceTree = "<group>";
		};
		C30FC508276B6F5F00A46C4C /* Record Page Screen */ = {
			isa = PBXGroup;
			children = (
				C30FC50B276B6F7900A46C4C /* DrawingView */,
				C30FC50A276B6F6F00A46C4C /* ViewModel */,
				C30FC509276B6F6800A46C4C /* View */,
			);
			path = "Record Page Screen";
			sourceTree = "<group>";
		};
		C30FC509276B6F6800A46C4C /* View */ = {
			isa = PBXGroup;
			children = (
				C38105652746B07B0071BC79 /* RecordPageViewController.swift */,
			);
			path = View;
			sourceTree = "<group>";
		};
		C30FC50A276B6F6F00A46C4C /* ViewModel */ = {
			isa = PBXGroup;
			children = (
				C38105692746B0F00071BC79 /* RecordPageViewModel.swift */,
			);
			path = ViewModel;
			sourceTree = "<group>";
		};
		C30FC50B276B6F7900A46C4C /* DrawingView */ = {
			isa = PBXGroup;
			children = (
				C38105672746B0D00071BC79 /* RecordPageDrawView.swift */,
			);
			path = DrawingView;
			sourceTree = "<group>";
		};
		C30FC50C276B6F8600A46C4C /* Chat Page Screen */ = {
			isa = PBXGroup;
			children = (
				C30FC50F276B6F9E00A46C4C /* DrawingView */,
				C30FC50E276B6F9800A46C4C /* ViewModel */,
				C30FC50D276B6F9300A46C4C /* View */,
			);
			path = "Chat Page Screen";
			sourceTree = "<group>";
		};
		C30FC50D276B6F9300A46C4C /* View */ = {
			isa = PBXGroup;
			children = (
				C381056B2746B1230071BC79 /* ChatPageViewController.swift */,
			);
			path = View;
			sourceTree = "<group>";
		};
		C30FC50E276B6F9800A46C4C /* ViewModel */ = {
			isa = PBXGroup;
			children = (
				C381056F2746B17E0071BC79 /* ChatPageViewModel.swift */,
			);
			path = ViewModel;
			sourceTree = "<group>";
		};
		C30FC50F276B6F9E00A46C4C /* DrawingView */ = {
			isa = PBXGroup;
			children = (
				C381056D2746B1530071BC79 /* ChatPageDrawView.swift */,
			);
			path = DrawingView;
			sourceTree = "<group>";
		};
		C30FC510276B6FB400A46C4C /* Chat Detail Screen */ = {
			isa = PBXGroup;
			children = (
				C30FC513276B6FCE00A46C4C /* DrawingView */,
				C30FC512276B6FC600A46C4C /* ViewModel */,
				C30FC511276B6FC000A46C4C /* View */,
			);
			path = "Chat Detail Screen";
			sourceTree = "<group>";
		};
		C30FC511276B6FC000A46C4C /* View */ = {
			isa = PBXGroup;
			children = (
				C3767E072750E62400F4FF7D /* ChatDetailViewController.swift */,
			);
			path = View;
			sourceTree = "<group>";
		};
		C30FC512276B6FC600A46C4C /* ViewModel */ = {
			isa = PBXGroup;
			children = (
				C316011E2751240C00D35E70 /* ChatDetailViewModel.swift */,
			);
			path = ViewModel;
			sourceTree = "<group>";
		};
		C30FC513276B6FCE00A46C4C /* DrawingView */ = {
			isa = PBXGroup;
			children = (
				C316011A2751014300D35E70 /* ChatDetailDrawView.swift */,
			);
			path = DrawingView;
			sourceTree = "<group>";
		};
		C30FC514276B6FE200A46C4C /* Store Screen */ = {
			isa = PBXGroup;
			children = (
				C30FC517276B700100A46C4C /* DrawingView */,
				C30FC516276B6FF500A46C4C /* View */,
				C30FC515276B6FEC00A46C4C /* ViewModel */,
			);
			path = "Store Screen";
			sourceTree = "<group>";
		};
		C30FC515276B6FEC00A46C4C /* ViewModel */ = {
			isa = PBXGroup;
			children = (
				C30FC4E0276B666200A46C4C /* StoreViewModel.swift */,
			);
			path = ViewModel;
			sourceTree = "<group>";
		};
		C30FC516276B6FF500A46C4C /* View */ = {
			isa = PBXGroup;
			children = (
				C30FC4D4276B566400A46C4C /* StoreCurrencyViewController.swift */,
			);
			path = View;
			sourceTree = "<group>";
		};
		C30FC517276B700100A46C4C /* DrawingView */ = {
			isa = PBXGroup;
			children = (
				C30FC4D6276B56E200A46C4C /* StoreCurrencyDraw.swift */,
			);
			path = DrawingView;
			sourceTree = "<group>";
		};
		C33CCA7E272C246B00C7969E /* Cell */ = {
			isa = PBXGroup;
			children = (
				C33CCA7C272C246600C7969E /* CustomTableViewCell.swift */,
				C3767DFD2750D3D200F4FF7D /* ChatListCell.swift */,
				C3767E052750E5DF00F4FF7D /* ChatDetailCell.swift */,
				C30FC4DA276B61A500A46C4C /* StoreCell.swift */,
			);
			path = Cell;
			sourceTree = "<group>";
		};
		C379FEC727393F91004ECCB9 /* Protocols */ = {
			isa = PBXGroup;
			children = (
				C379FEC827393FC5004ECCB9 /* MainControllerImp.swift */,
				C379FECE273940BB004ECCB9 /* RegistrationControllerImp.swift */,
				C379FED027394390004ECCB9 /* AddingDataImp.swift */,
				C379FED2273943B4004ECCB9 /* SellerImp.swift */,
				C379FED4273943CB004ECCB9 /* ListSamplesImp.swift */,
				C325586D273A9B7C00248FD8 /* MainCoordinatorImp.swift */,
				C3255875273AC4EE00248FD8 /* TabBarImp.swift */,
				C3255877273C263200248FD8 /* ViewScreenProtocol.swift */,
				C310E2F527439D0000C47625 /* UploadMusicImp.swift */,
				C3810577274BCDBF0071BC79 /* UserDetailImp.swift */,
				C381057B274CD19E0071BC79 /* RecordViewModelImp.swift */,
				C38BC32D2755105C0027E33C /* ChatDetailImp.swift */,
				C397694127566B53006578B5 /* ChatPageImp.swift */,
				C30FC4E2276B667B00A46C4C /* StoreImp.swift */,
			);
			path = Protocols;
			sourceTree = "<group>";
		};
		C38156392726A0BF008E83AC = {
			isa = PBXGroup;
			children = (
				C38156442726A0BF008E83AC /* SampleMusic */,
				C381565B2726A0C1008E83AC /* SampleMusicTests */,
				C38156662726A0C1008E83AC /* SampleMusicUITests */,
				C38156432726A0BF008E83AC /* Products */,
				1AD2A7C3C4FD536EAA9D7DB5 /* Pods */,
				4352206C03B8776A531A0B8F /* Frameworks */,
			);
			sourceTree = "<group>";
		};
		C38156432726A0BF008E83AC /* Products */ = {
			isa = PBXGroup;
			children = (
				C38156422726A0BF008E83AC /* SampleMusic.app */,
				C38156582726A0C1008E83AC /* SampleMusicTests.xctest */,
				C38156632726A0C1008E83AC /* SampleMusicUITests.xctest */,
			);
			name = Products;
			sourceTree = "<group>";
		};
		C38156442726A0BF008E83AC /* SampleMusic */ = {
			isa = PBXGroup;
			children = (
				C30FC514276B6FE200A46C4C /* Store Screen */,
				C30FC510276B6FB400A46C4C /* Chat Detail Screen */,
				C30FC50C276B6F8600A46C4C /* Chat Page Screen */,
				C30FC508276B6F5F00A46C4C /* Record Page Screen */,
				C30FC504276B6F3000A46C4C /* User Detail Screen */,
				C30FC500276B6EFD00A46C4C /* Upload View Screen */,
				C30FC4FD276B6ECF00A46C4C /* Start View Screen */,
				C30FC4F9276B6E8000A46C4C /* Tab Bar Screen */,
				C30FC4F5276B6E5200A46C4C /* List Samples Screen */,
				C30FC4F1276B6E1400A46C4C /* Seller Detail Screen */,
				C30FC4ED276B6DD000A46C4C /* Adding Data Screen */,
				C30FC4E9276B6D8900A46C4C /* Registration Screen */,
				C30FC4E4276B6D2500A46C4C /* Main Screen */,
				C30FC4D02769E08D00A46C4C /* Managers */,
				C379FEC727393F91004ECCB9 /* Protocols */,
				C381568B27281B33008E83AC /* Dependencies */,
				C38156822726F80F008E83AC /* Extension */,
				C381567B2726A903008E83AC /* Coordinator */,
				C381567A2726A894008E83AC /* ViewModel */,
				C33CCA7E272C246B00C7969E /* Cell */,
				C38156782726A88B008E83AC /* Model */,
				C38156772726A86D008E83AC /* Helpers */,
				C38156532726A0C0008E83AC /* Info.plist */,
				C381564E2726A0C0008E83AC /* Assets.xcassets */,
				C30FC4C627675E5A00A46C4C /* SampleMusic.entitlements */,
				C30FC4C127608CBA00A46C4C /* Localizable.strings */,
			);
			path = SampleMusic;
			sourceTree = "<group>";
		};
		C381565B2726A0C1008E83AC /* SampleMusicTests */ = {
			isa = PBXGroup;
			children = (
				C381565C2726A0C1008E83AC /* SampleMusicTests.swift */,
				C381565E2726A0C1008E83AC /* Info.plist */,
			);
			path = SampleMusicTests;
			sourceTree = "<group>";
		};
		C38156662726A0C1008E83AC /* SampleMusicUITests */ = {
			isa = PBXGroup;
			children = (
				C38156672726A0C1008E83AC /* SampleMusicUITests.swift */,
				C38156692726A0C1008E83AC /* Info.plist */,
			);
			path = SampleMusicUITests;
			sourceTree = "<group>";
		};
		C38156772726A86D008E83AC /* Helpers */ = {
			isa = PBXGroup;
			children = (
				C38156452726A0BF008E83AC /* AppDelegate.swift */,
				C38156472726A0BF008E83AC /* SceneDelegate.swift */,
				C3810573274B94470071BC79 /* MusicPlayer.swift */,
				C38156502726A0C0008E83AC /* LaunchScreen.storyboard */,
				C38156752726A5D9008E83AC /* GoogleService-Info.plist */,
			);
			path = Helpers;
			sourceTree = "<group>";
		};
		C38156782726A88B008E83AC /* Model */ = {
			isa = PBXGroup;
			children = (
				C397694027561406006578B5 /* ChatModel */,
				C397693F275613EB006578B5 /* SampleModel */,
				C3767DF7274FB21300F4FF7D /* State.swift */,
				C33CCA7A272BE47A00C7969E /* DetailModel.swift */,
				C30FC4CB2768A9CC00A46C4C /* NotificationModel.swift */,
				C30FC4CD2768BA1700A46C4C /* NotificationDataModel.swift */,
				C30FC4DC276B635C00A46C4C /* StoreModel.swift */,
				C30FC4DE276B64BE00A46C4C /* StoreCellModel.swift */,
			);
			path = Model;
			sourceTree = "<group>";
		};
		C381567A2726A894008E83AC /* ViewModel */ = {
			isa = PBXGroup;
			children = (
			);
			path = ViewModel;
			sourceTree = "<group>";
		};
		C381567B2726A903008E83AC /* Coordinator */ = {
			isa = PBXGroup;
			children = (
				C30150BE2733E0C100C85EF3 /* TabBarCoordinator */,
				C3255867273A62BC00248FD8 /* RegistrationCoordinator.swift */,
				C3160120275130A800D35E70 /* SellerDetailCoordinator.swift */,
				C381567C2726A930008E83AC /* Coordinator.swift */,
				C381567E2726A962008E83AC /* MainCoordinator.swift */,
				C3255869273A62D600248FD8 /* AddUserDataCoordinator.swift */,
				C325587D273D0C5800248FD8 /* MainScreenCoordinator.swift */,
				C32558892742801500248FD8 /* UploadMusicCoordinator.swift */,
				C3810575274BB9D40071BC79 /* UserDetailCoordinator.swift */,
				C3810579274BDA970071BC79 /* RecordPageCoordinator.swift */,
				C3767DFF2750DA3500F4FF7D /* ChatPageCoordinator.swift */,
				C31601182751009000D35E70 /* ChatDetailCoordinator.swift */,
				C30FC4D8276B575900A46C4C /* StoreCurrencyCoordinator.swift */,
			);
			path = Coordinator;
			sourceTree = "<group>";
		};
		C38156822726F80F008E83AC /* Extension */ = {
			isa = PBXGroup;
			children = (
				C38156832726F81B008E83AC /* Extension.swift */,
				C366BE58272AEB5B00B3E182 /* EnumStyle.swift */,
				C30FC4C42760A0FD00A46C4C /* LocalizeKeys.swift */,
			);
			path = Extension;
			sourceTree = "<group>";
		};
		C381568B27281B33008E83AC /* Dependencies */ = {
			isa = PBXGroup;
			children = (
				C381568C27281B3F008E83AC /* Configure.swift */,
			);
			path = Dependencies;
			sourceTree = "<group>";
		};
		C397693F275613EB006578B5 /* SampleModel */ = {
			isa = PBXGroup;
			children = (
				C33CCA7F272C253200C7969E /* SampleModel.swift */,
				C310E2F72743DA7500C47625 /* DataCellModel.swift */,
			);
			path = SampleModel;
			sourceTree = "<group>";
		};
		C397694027561406006578B5 /* ChatModel */ = {
			isa = PBXGroup;
			children = (
				C3767E012750DC7B00F4FF7D /* ChatListModel.swift */,
				C3767E032750DE1A00F4FF7D /* CellChatModel.swift */,
				C316011C2751230300D35E70 /* Message.swift */,
				C38BC32F275518DA0027E33C /* MessageDataModel.swift */,
			);
			path = ChatModel;
			sourceTree = "<group>";
		};
/* End PBXGroup section */

/* Begin PBXNativeTarget section */
		C38156412726A0BF008E83AC /* SampleMusic */ = {
			isa = PBXNativeTarget;
			buildConfigurationList = C381566C2726A0C1008E83AC /* Build configuration list for PBXNativeTarget "SampleMusic" */;
			buildPhases = (
				30B3A1BA7F0C09EC425F0CAD /* [CP] Check Pods Manifest.lock */,
				C381563E2726A0BF008E83AC /* Sources */,
				C381563F2726A0BF008E83AC /* Frameworks */,
				C38156402726A0BF008E83AC /* Resources */,
				CE8B066580A4687F24287176 /* [CP] Embed Pods Frameworks */,
			);
			buildRules = (
			);
			dependencies = (
			);
			name = SampleMusic;
			productName = SampleMusic;
			productReference = C38156422726A0BF008E83AC /* SampleMusic.app */;
			productType = "com.apple.product-type.application";
		};
		C38156572726A0C1008E83AC /* SampleMusicTests */ = {
			isa = PBXNativeTarget;
			buildConfigurationList = C381566F2726A0C1008E83AC /* Build configuration list for PBXNativeTarget "SampleMusicTests" */;
			buildPhases = (
				F30B4534B681F91A8D55EEE7 /* [CP] Check Pods Manifest.lock */,
				C38156542726A0C1008E83AC /* Sources */,
				C38156552726A0C1008E83AC /* Frameworks */,
				C38156562726A0C1008E83AC /* Resources */,
			);
			buildRules = (
			);
			dependencies = (
				C381565A2726A0C1008E83AC /* PBXTargetDependency */,
			);
			name = SampleMusicTests;
			productName = SampleMusicTests;
			productReference = C38156582726A0C1008E83AC /* SampleMusicTests.xctest */;
			productType = "com.apple.product-type.bundle.unit-test";
		};
		C38156622726A0C1008E83AC /* SampleMusicUITests */ = {
			isa = PBXNativeTarget;
			buildConfigurationList = C38156722726A0C1008E83AC /* Build configuration list for PBXNativeTarget "SampleMusicUITests" */;
			buildPhases = (
				D551606B43509571FC41EEBF /* [CP] Check Pods Manifest.lock */,
				C381565F2726A0C1008E83AC /* Sources */,
				C38156602726A0C1008E83AC /* Frameworks */,
				C38156612726A0C1008E83AC /* Resources */,
				103B2BB2938D5A047366129E /* [CP] Embed Pods Frameworks */,
			);
			buildRules = (
			);
			dependencies = (
				C38156652726A0C1008E83AC /* PBXTargetDependency */,
			);
			name = SampleMusicUITests;
			productName = SampleMusicUITests;
			productReference = C38156632726A0C1008E83AC /* SampleMusicUITests.xctest */;
			productType = "com.apple.product-type.bundle.ui-testing";
		};
/* End PBXNativeTarget section */

/* Begin PBXProject section */
		C381563A2726A0BF008E83AC /* Project object */ = {
			isa = PBXProject;
			attributes = {
				LastSwiftUpdateCheck = 1250;
				LastUpgradeCheck = 1250;
				TargetAttributes = {
					C38156412726A0BF008E83AC = {
						CreatedOnToolsVersion = 12.5.1;
					};
					C38156572726A0C1008E83AC = {
						CreatedOnToolsVersion = 12.5.1;
						TestTargetID = C38156412726A0BF008E83AC;
					};
					C38156622726A0C1008E83AC = {
						CreatedOnToolsVersion = 12.5.1;
						TestTargetID = C38156412726A0BF008E83AC;
					};
				};
			};
			buildConfigurationList = C381563D2726A0BF008E83AC /* Build configuration list for PBXProject "SampleMusic" */;
			compatibilityVersion = "Xcode 9.3";
			developmentRegion = en;
			hasScannedForEncodings = 0;
			knownRegions = (
				en,
				Base,
				ru,
			);
			mainGroup = C38156392726A0BF008E83AC;
			productRefGroup = C38156432726A0BF008E83AC /* Products */;
			projectDirPath = "";
			projectRoot = "";
			targets = (
				C38156412726A0BF008E83AC /* SampleMusic */,
				C38156572726A0C1008E83AC /* SampleMusicTests */,
				C38156622726A0C1008E83AC /* SampleMusicUITests */,
			);
		};
/* End PBXProject section */

/* Begin PBXResourcesBuildPhase section */
		C38156402726A0BF008E83AC /* Resources */ = {
			isa = PBXResourcesBuildPhase;
			buildActionMask = 2147483647;
			files = (
				C38156522726A0C0008E83AC /* LaunchScreen.storyboard in Resources */,
				C30FC4BF27608CBA00A46C4C /* Localizable.strings in Resources */,
				C381564F2726A0C0008E83AC /* Assets.xcassets in Resources */,
				C38156762726A5D9008E83AC /* GoogleService-Info.plist in Resources */,
			);
			runOnlyForDeploymentPostprocessing = 0;
		};
		C38156562726A0C1008E83AC /* Resources */ = {
			isa = PBXResourcesBuildPhase;
			buildActionMask = 2147483647;
			files = (
			);
			runOnlyForDeploymentPostprocessing = 0;
		};
		C38156612726A0C1008E83AC /* Resources */ = {
			isa = PBXResourcesBuildPhase;
			buildActionMask = 2147483647;
			files = (
			);
			runOnlyForDeploymentPostprocessing = 0;
		};
/* End PBXResourcesBuildPhase section */

/* Begin PBXShellScriptBuildPhase section */
		103B2BB2938D5A047366129E /* [CP] Embed Pods Frameworks */ = {
			isa = PBXShellScriptBuildPhase;
			buildActionMask = 2147483647;
			files = (
			);
			inputFileListPaths = (
				"${PODS_ROOT}/Target Support Files/Pods-SampleMusic-SampleMusicUITests/Pods-SampleMusic-SampleMusicUITests-frameworks-${CONFIGURATION}-input-files.xcfilelist",
			);
			name = "[CP] Embed Pods Frameworks";
			outputFileListPaths = (
				"${PODS_ROOT}/Target Support Files/Pods-SampleMusic-SampleMusicUITests/Pods-SampleMusic-SampleMusicUITests-frameworks-${CONFIGURATION}-output-files.xcfilelist",
			);
			runOnlyForDeploymentPostprocessing = 0;
			shellPath = /bin/sh;
			shellScript = "\"${PODS_ROOT}/Target Support Files/Pods-SampleMusic-SampleMusicUITests/Pods-SampleMusic-SampleMusicUITests-frameworks.sh\"\n";
			showEnvVarsInLog = 0;
		};
		30B3A1BA7F0C09EC425F0CAD /* [CP] Check Pods Manifest.lock */ = {
			isa = PBXShellScriptBuildPhase;
			buildActionMask = 2147483647;
			files = (
			);
			inputFileListPaths = (
			);
			inputPaths = (
				"${PODS_PODFILE_DIR_PATH}/Podfile.lock",
				"${PODS_ROOT}/Manifest.lock",
			);
			name = "[CP] Check Pods Manifest.lock";
			outputFileListPaths = (
			);
			outputPaths = (
				"$(DERIVED_FILE_DIR)/Pods-SampleMusic-checkManifestLockResult.txt",
			);
			runOnlyForDeploymentPostprocessing = 0;
			shellPath = /bin/sh;
			shellScript = "diff \"${PODS_PODFILE_DIR_PATH}/Podfile.lock\" \"${PODS_ROOT}/Manifest.lock\" > /dev/null\nif [ $? != 0 ] ; then\n    # print error to STDERR\n    echo \"error: The sandbox is not in sync with the Podfile.lock. Run 'pod install' or update your CocoaPods installation.\" >&2\n    exit 1\nfi\n# This output is used by Xcode 'outputs' to avoid re-running this script phase.\necho \"SUCCESS\" > \"${SCRIPT_OUTPUT_FILE_0}\"\n";
			showEnvVarsInLog = 0;
		};
		CE8B066580A4687F24287176 /* [CP] Embed Pods Frameworks */ = {
			isa = PBXShellScriptBuildPhase;
			buildActionMask = 2147483647;
			files = (
			);
			inputFileListPaths = (
				"${PODS_ROOT}/Target Support Files/Pods-SampleMusic/Pods-SampleMusic-frameworks-${CONFIGURATION}-input-files.xcfilelist",
			);
			name = "[CP] Embed Pods Frameworks";
			outputFileListPaths = (
				"${PODS_ROOT}/Target Support Files/Pods-SampleMusic/Pods-SampleMusic-frameworks-${CONFIGURATION}-output-files.xcfilelist",
			);
			runOnlyForDeploymentPostprocessing = 0;
			shellPath = /bin/sh;
			shellScript = "\"${PODS_ROOT}/Target Support Files/Pods-SampleMusic/Pods-SampleMusic-frameworks.sh\"\n";
			showEnvVarsInLog = 0;
		};
		D551606B43509571FC41EEBF /* [CP] Check Pods Manifest.lock */ = {
			isa = PBXShellScriptBuildPhase;
			buildActionMask = 2147483647;
			files = (
			);
			inputFileListPaths = (
			);
			inputPaths = (
				"${PODS_PODFILE_DIR_PATH}/Podfile.lock",
				"${PODS_ROOT}/Manifest.lock",
			);
			name = "[CP] Check Pods Manifest.lock";
			outputFileListPaths = (
			);
			outputPaths = (
				"$(DERIVED_FILE_DIR)/Pods-SampleMusic-SampleMusicUITests-checkManifestLockResult.txt",
			);
			runOnlyForDeploymentPostprocessing = 0;
			shellPath = /bin/sh;
			shellScript = "diff \"${PODS_PODFILE_DIR_PATH}/Podfile.lock\" \"${PODS_ROOT}/Manifest.lock\" > /dev/null\nif [ $? != 0 ] ; then\n    # print error to STDERR\n    echo \"error: The sandbox is not in sync with the Podfile.lock. Run 'pod install' or update your CocoaPods installation.\" >&2\n    exit 1\nfi\n# This output is used by Xcode 'outputs' to avoid re-running this script phase.\necho \"SUCCESS\" > \"${SCRIPT_OUTPUT_FILE_0}\"\n";
			showEnvVarsInLog = 0;
		};
		F30B4534B681F91A8D55EEE7 /* [CP] Check Pods Manifest.lock */ = {
			isa = PBXShellScriptBuildPhase;
			buildActionMask = 2147483647;
			files = (
			);
			inputFileListPaths = (
			);
			inputPaths = (
				"${PODS_PODFILE_DIR_PATH}/Podfile.lock",
				"${PODS_ROOT}/Manifest.lock",
			);
			name = "[CP] Check Pods Manifest.lock";
			outputFileListPaths = (
			);
			outputPaths = (
				"$(DERIVED_FILE_DIR)/Pods-SampleMusicTests-checkManifestLockResult.txt",
			);
			runOnlyForDeploymentPostprocessing = 0;
			shellPath = /bin/sh;
			shellScript = "diff \"${PODS_PODFILE_DIR_PATH}/Podfile.lock\" \"${PODS_ROOT}/Manifest.lock\" > /dev/null\nif [ $? != 0 ] ; then\n    # print error to STDERR\n    echo \"error: The sandbox is not in sync with the Podfile.lock. Run 'pod install' or update your CocoaPods installation.\" >&2\n    exit 1\nfi\n# This output is used by Xcode 'outputs' to avoid re-running this script phase.\necho \"SUCCESS\" > \"${SCRIPT_OUTPUT_FILE_0}\"\n";
			showEnvVarsInLog = 0;
		};
/* End PBXShellScriptBuildPhase section */

/* Begin PBXSourcesBuildPhase section */
		C381563E2726A0BF008E83AC /* Sources */ = {
			isa = PBXSourcesBuildPhase;
			buildActionMask = 2147483647;
			files = (
				C30150A927312C4600C85EF3 /* RegistrationViewDraw.swift in Sources */,
				C325586E273A9B7C00248FD8 /* MainCoordinatorImp.swift in Sources */,
				C3810574274B94470071BC79 /* MusicPlayer.swift in Sources */,
				C30FC4CC2768A9CD00A46C4C /* NotificationModel.swift in Sources */,
				C38105622746B00A0071BC79 /* UserDetailDrawView.swift in Sources */,
				C3767DF8274FB21300F4FF7D /* State.swift in Sources */,
				C3255880273EA1C900248FD8 /* StartViewController.swift in Sources */,
				C310E2F627439D0000C47625 /* UploadMusicImp.swift in Sources */,
				C30FC4D7276B56E200A46C4C /* StoreCurrencyDraw.swift in Sources */,
				C3767E042750DE1A00F4FF7D /* CellChatModel.swift in Sources */,
				C381567D2726A930008E83AC /* Coordinator.swift in Sources */,
				C30150AB27312E3B00C85EF3 /* AddingDataDraw.swift in Sources */,
				C325588827427ED800248FD8 /* UploadMusicViewModel.swift in Sources */,
				C31601192751009000D35E70 /* ChatDetailCoordinator.swift in Sources */,
				C379FED3273943B4004ECCB9 /* SellerImp.swift in Sources */,
				C381057C274CD19E0071BC79 /* RecordViewModelImp.swift in Sources */,
				C38105642746B0310071BC79 /* UserDetailViewModel.swift in Sources */,
				C3767E062750E5DF00F4FF7D /* ChatDetailCell.swift in Sources */,
				C33CCA80272C253200C7969E /* SampleModel.swift in Sources */,
				C310E2F82743DA7600C47625 /* DataCellModel.swift in Sources */,
				C30150BD2733E07300C85EF3 /* TabBarCoordinator.swift in Sources */,
				C3255878273C263200248FD8 /* ViewScreenProtocol.swift in Sources */,
				C3255876273AC4EE00248FD8 /* TabBarImp.swift in Sources */,
				C30FC4D9276B575900A46C4C /* StoreCurrencyCoordinator.swift in Sources */,
				C38BC330275518DA0027E33C /* MessageDataModel.swift in Sources */,
				C316011D2751230300D35E70 /* Message.swift in Sources */,
				C325588A2742801500248FD8 /* UploadMusicCoordinator.swift in Sources */,
				C379FED127394390004ECCB9 /* AddingDataImp.swift in Sources */,
				C30FC4E1276B666200A46C4C /* StoreViewModel.swift in Sources */,
				C3767DFE2750D3D200F4FF7D /* ChatListCell.swift in Sources */,
				C3767E022750DC7B00F4FF7D /* ChatListModel.swift in Sources */,
				C381568A27281499008E83AC /* RegistrationViewModel.swift in Sources */,
				C397694227566B53006578B5 /* ChatPageImp.swift in Sources */,
				C30FC4DB276B61A500A46C4C /* StoreCell.swift in Sources */,
				C33CCA82272C3BC800C7969E /* SellerDetailViewModel.swift in Sources */,
				C30FC4CE2768BA1700A46C4C /* NotificationDataModel.swift in Sources */,
				C381564A2726A0BF008E83AC /* MainScreenViewController.swift in Sources */,
				C30150B12732A59F00C85EF3 /* ListSampleViewModel.swift in Sources */,
				C38156462726A0BF008E83AC /* AppDelegate.swift in Sources */,
				C30FC4DF276B64BE00A46C4C /* StoreCellModel.swift in Sources */,
				C3810578274BCDBF0071BC79 /* UserDetailImp.swift in Sources */,
				C325586A273A62D600248FD8 /* AddUserDataCoordinator.swift in Sources */,
				C38105682746B0D00071BC79 /* RecordPageDrawView.swift in Sources */,
				C325587E273D0C5800248FD8 /* MainScreenCoordinator.swift in Sources */,
				C379FED5273943CB004ECCB9 /* ListSamplesImp.swift in Sources */,
				C3160121275130A800D35E70 /* SellerDetailCoordinator.swift in Sources */,
				C38BC32E2755105C0027E33C /* ChatDetailImp.swift in Sources */,
				C366BE5727298EBE00B3E182 /* AddingDataAboutUserViewModel.swift in Sources */,
				C366BE532729726200B3E182 /* SellerDetailViewController.swift in Sources */,
				C316011B2751014300D35E70 /* ChatDetailDrawView.swift in Sources */,
				C30FC4D32769EB7200A46C4C /* FirebaseManager.swift in Sources */,
				C381568F272822C6008E83AC /* ListSamplesViewController.swift in Sources */,
				C38105702746B17E0071BC79 /* ChatPageViewModel.swift in Sources */,
				C381568D27281B3F008E83AC /* Configure.swift in Sources */,
				C366BE59272AEB5B00B3E182 /* EnumStyle.swift in Sources */,
				C33CCA7D272C246600C7969E /* CustomTableViewCell.swift in Sources */,
				C30FC4C52760A0FD00A46C4C /* LocalizeKeys.swift in Sources */,
				C325588427427E7D00248FD8 /* UploadMusicViewController.swift in Sources */,
				C38156842726F81B008E83AC /* Extension.swift in Sources */,
				C30FC4DD276B635C00A46C4C /* StoreModel.swift in Sources */,
				C3255872273AA96500248FD8 /* TabBarController.swift in Sources */,
				C366BE5527298E6900B3E182 /* AddingDataViewController.swift in Sources */,
				C30150B72733CD7800C85EF3 /* ListSamplesCoordinator.swift in Sources */,
				C30FC4E3276B667B00A46C4C /* StoreImp.swift in Sources */,
				C3255882273EA21B00248FD8 /* StartViewDraw.swift in Sources */,
				C316011F2751240C00D35E70 /* ChatDetailViewModel.swift in Sources */,
				C3767E082750E62400F4FF7D /* ChatDetailViewController.swift in Sources */,
				C379FEC927393FC5004ECCB9 /* MainControllerImp.swift in Sources */,
				C30FC4D5276B566500A46C4C /* StoreCurrencyViewController.swift in Sources */,
				C381568627270783008E83AC /* RegistrationViewController.swift in Sources */,
				C38156882728147A008E83AC /* MainScreenViewModel.swift in Sources */,
				C38105662746B07B0071BC79 /* RecordPageViewController.swift in Sources */,
				C33CCA7B272BE47A00C7969E /* DetailModel.swift in Sources */,
				C30FC4C8276779C900A46C4C /* PushNotificationManager.swift in Sources */,
				C381057A274BDA970071BC79 /* RecordPageCoordinator.swift in Sources */,
				C30150AD27328E6300C85EF3 /* SellerDetailDraw.swift in Sources */,
				C3767E002750DA3500F4FF7D /* ChatPageCoordinator.swift in Sources */,
				C325588627427EB400248FD8 /* UploadMusicDraw.swift in Sources */,
				C3255868273A62BC00248FD8 /* RegistrationCoordinator.swift in Sources */,
				C381056C2746B1230071BC79 /* ChatPageViewController.swift in Sources */,
				C381056E2746B1530071BC79 /* ChatPageDrawView.swift in Sources */,
				C38105602746AFA10071BC79 /* UserDetailViewController.swift in Sources */,
				C381567F2726A962008E83AC /* MainCoordinator.swift in Sources */,
				C30150A727303C2400C85EF3 /* MainScreenDraw.swift in Sources */,
				C3255874273AC46F00248FD8 /* TabBarControllerViewModel.swift in Sources */,
				C3810576274BB9D40071BC79 /* UserDetailCoordinator.swift in Sources */,
				C30FC4CA27678C4C00A46C4C /* PushNotificationSender.swift in Sources */,
				C381056A2746B0F00071BC79 /* RecordPageViewModel.swift in Sources */,
				C38156482726A0BF008E83AC /* SceneDelegate.swift in Sources */,
				C30150AF2732906600C85EF3 /* ListSamplesDraw.swift in Sources */,
				C379FECF273940BB004ECCB9 /* RegistrationControllerImp.swift in Sources */,
			);
			runOnlyForDeploymentPostprocessing = 0;
		};
		C38156542726A0C1008E83AC /* Sources */ = {
			isa = PBXSourcesBuildPhase;
			buildActionMask = 2147483647;
			files = (
				C381565D2726A0C1008E83AC /* SampleMusicTests.swift in Sources */,
			);
			runOnlyForDeploymentPostprocessing = 0;
		};
		C381565F2726A0C1008E83AC /* Sources */ = {
			isa = PBXSourcesBuildPhase;
			buildActionMask = 2147483647;
			files = (
				C38156682726A0C1008E83AC /* SampleMusicUITests.swift in Sources */,
			);
			runOnlyForDeploymentPostprocessing = 0;
		};
/* End PBXSourcesBuildPhase section */

/* Begin PBXTargetDependency section */
		C381565A2726A0C1008E83AC /* PBXTargetDependency */ = {
			isa = PBXTargetDependency;
			target = C38156412726A0BF008E83AC /* SampleMusic */;
			targetProxy = C38156592726A0C1008E83AC /* PBXContainerItemProxy */;
		};
		C38156652726A0C1008E83AC /* PBXTargetDependency */ = {
			isa = PBXTargetDependency;
			target = C38156412726A0BF008E83AC /* SampleMusic */;
			targetProxy = C38156642726A0C1008E83AC /* PBXContainerItemProxy */;
		};
/* End PBXTargetDependency section */

/* Begin PBXVariantGroup section */
		C30FC4C127608CBA00A46C4C /* Localizable.strings */ = {
			isa = PBXVariantGroup;
			children = (
				C30FC4C027608CBA00A46C4C /* en */,
				C30FC4C327608CE000A46C4C /* ru */,
			);
			name = Localizable.strings;
			sourceTree = "<group>";
		};
		C38156502726A0C0008E83AC /* LaunchScreen.storyboard */ = {
			isa = PBXVariantGroup;
			children = (
				C38156512726A0C0008E83AC /* Base */,
				C30FC4C227608CDE00A46C4C /* ru */,
			);
			name = LaunchScreen.storyboard;
			sourceTree = "<group>";
		};
/* End PBXVariantGroup section */

/* Begin XCBuildConfiguration section */
		C381566A2726A0C1008E83AC /* Debug */ = {
			isa = XCBuildConfiguration;
			buildSettings = {
				ALWAYS_SEARCH_USER_PATHS = NO;
				CLANG_ANALYZER_LOCALIZABILITY_NONLOCALIZED = YES;
				CLANG_ANALYZER_NONNULL = YES;
				CLANG_ANALYZER_NUMBER_OBJECT_CONVERSION = YES_AGGRESSIVE;
				CLANG_CXX_LANGUAGE_STANDARD = "gnu++14";
				CLANG_CXX_LIBRARY = "libc++";
				CLANG_ENABLE_MODULES = YES;
				CLANG_ENABLE_OBJC_ARC = YES;
				CLANG_ENABLE_OBJC_WEAK = YES;
				CLANG_WARN_BLOCK_CAPTURE_AUTORELEASING = YES;
				CLANG_WARN_BOOL_CONVERSION = YES;
				CLANG_WARN_COMMA = YES;
				CLANG_WARN_CONSTANT_CONVERSION = YES;
				CLANG_WARN_DEPRECATED_OBJC_IMPLEMENTATIONS = YES;
				CLANG_WARN_DIRECT_OBJC_ISA_USAGE = YES_ERROR;
				CLANG_WARN_DOCUMENTATION_COMMENTS = YES;
				CLANG_WARN_EMPTY_BODY = YES;
				CLANG_WARN_ENUM_CONVERSION = YES;
				CLANG_WARN_INFINITE_RECURSION = YES;
				CLANG_WARN_INT_CONVERSION = YES;
				CLANG_WARN_NON_LITERAL_NULL_CONVERSION = YES;
				CLANG_WARN_OBJC_IMPLICIT_RETAIN_SELF = YES;
				CLANG_WARN_OBJC_LITERAL_CONVERSION = YES;
				CLANG_WARN_OBJC_ROOT_CLASS = YES_ERROR;
				CLANG_WARN_QUOTED_INCLUDE_IN_FRAMEWORK_HEADER = YES;
				CLANG_WARN_RANGE_LOOP_ANALYSIS = YES;
				CLANG_WARN_STRICT_PROTOTYPES = YES;
				CLANG_WARN_SUSPICIOUS_MOVE = YES;
				CLANG_WARN_UNGUARDED_AVAILABILITY = YES_AGGRESSIVE;
				CLANG_WARN_UNREACHABLE_CODE = YES;
				CLANG_WARN__DUPLICATE_METHOD_MATCH = YES;
				COPY_PHASE_STRIP = NO;
				DEBUG_INFORMATION_FORMAT = dwarf;
				ENABLE_STRICT_OBJC_MSGSEND = YES;
				ENABLE_TESTABILITY = YES;
				GCC_C_LANGUAGE_STANDARD = gnu11;
				GCC_DYNAMIC_NO_PIC = NO;
				GCC_NO_COMMON_BLOCKS = YES;
				GCC_OPTIMIZATION_LEVEL = 0;
				GCC_PREPROCESSOR_DEFINITIONS = (
					"DEBUG=1",
					"$(inherited)",
				);
				GCC_WARN_64_TO_32_BIT_CONVERSION = YES;
				GCC_WARN_ABOUT_RETURN_TYPE = YES_ERROR;
				GCC_WARN_UNDECLARED_SELECTOR = YES;
				GCC_WARN_UNINITIALIZED_AUTOS = YES_AGGRESSIVE;
				GCC_WARN_UNUSED_FUNCTION = YES;
				GCC_WARN_UNUSED_VARIABLE = YES;
				IPHONEOS_DEPLOYMENT_TARGET = 14.5;
				MTL_ENABLE_DEBUG_INFO = INCLUDE_SOURCE;
				MTL_FAST_MATH = YES;
				ONLY_ACTIVE_ARCH = YES;
				SDKROOT = iphoneos;
				SWIFT_ACTIVE_COMPILATION_CONDITIONS = DEBUG;
				SWIFT_OPTIMIZATION_LEVEL = "-Onone";
			};
			name = Debug;
		};
		C381566B2726A0C1008E83AC /* Release */ = {
			isa = XCBuildConfiguration;
			buildSettings = {
				ALWAYS_SEARCH_USER_PATHS = NO;
				CLANG_ANALYZER_LOCALIZABILITY_NONLOCALIZED = YES;
				CLANG_ANALYZER_NONNULL = YES;
				CLANG_ANALYZER_NUMBER_OBJECT_CONVERSION = YES_AGGRESSIVE;
				CLANG_CXX_LANGUAGE_STANDARD = "gnu++14";
				CLANG_CXX_LIBRARY = "libc++";
				CLANG_ENABLE_MODULES = YES;
				CLANG_ENABLE_OBJC_ARC = YES;
				CLANG_ENABLE_OBJC_WEAK = YES;
				CLANG_WARN_BLOCK_CAPTURE_AUTORELEASING = YES;
				CLANG_WARN_BOOL_CONVERSION = YES;
				CLANG_WARN_COMMA = YES;
				CLANG_WARN_CONSTANT_CONVERSION = YES;
				CLANG_WARN_DEPRECATED_OBJC_IMPLEMENTATIONS = YES;
				CLANG_WARN_DIRECT_OBJC_ISA_USAGE = YES_ERROR;
				CLANG_WARN_DOCUMENTATION_COMMENTS = YES;
				CLANG_WARN_EMPTY_BODY = YES;
				CLANG_WARN_ENUM_CONVERSION = YES;
				CLANG_WARN_INFINITE_RECURSION = YES;
				CLANG_WARN_INT_CONVERSION = YES;
				CLANG_WARN_NON_LITERAL_NULL_CONVERSION = YES;
				CLANG_WARN_OBJC_IMPLICIT_RETAIN_SELF = YES;
				CLANG_WARN_OBJC_LITERAL_CONVERSION = YES;
				CLANG_WARN_OBJC_ROOT_CLASS = YES_ERROR;
				CLANG_WARN_QUOTED_INCLUDE_IN_FRAMEWORK_HEADER = YES;
				CLANG_WARN_RANGE_LOOP_ANALYSIS = YES;
				CLANG_WARN_STRICT_PROTOTYPES = YES;
				CLANG_WARN_SUSPICIOUS_MOVE = YES;
				CLANG_WARN_UNGUARDED_AVAILABILITY = YES_AGGRESSIVE;
				CLANG_WARN_UNREACHABLE_CODE = YES;
				CLANG_WARN__DUPLICATE_METHOD_MATCH = YES;
				COPY_PHASE_STRIP = NO;
				DEBUG_INFORMATION_FORMAT = "dwarf-with-dsym";
				ENABLE_NS_ASSERTIONS = NO;
				ENABLE_STRICT_OBJC_MSGSEND = YES;
				GCC_C_LANGUAGE_STANDARD = gnu11;
				GCC_NO_COMMON_BLOCKS = YES;
				GCC_WARN_64_TO_32_BIT_CONVERSION = YES;
				GCC_WARN_ABOUT_RETURN_TYPE = YES_ERROR;
				GCC_WARN_UNDECLARED_SELECTOR = YES;
				GCC_WARN_UNINITIALIZED_AUTOS = YES_AGGRESSIVE;
				GCC_WARN_UNUSED_FUNCTION = YES;
				GCC_WARN_UNUSED_VARIABLE = YES;
				IPHONEOS_DEPLOYMENT_TARGET = 14.5;
				MTL_ENABLE_DEBUG_INFO = NO;
				MTL_FAST_MATH = YES;
				SDKROOT = iphoneos;
				SWIFT_COMPILATION_MODE = wholemodule;
				SWIFT_OPTIMIZATION_LEVEL = "-O";
				VALIDATE_PRODUCT = YES;
			};
			name = Release;
		};
		C381566D2726A0C1008E83AC /* Debug */ = {
			isa = XCBuildConfiguration;
			baseConfigurationReference = 0277E31CC8483FD67AA07039 /* Pods-SampleMusic.debug.xcconfig */;
			buildSettings = {
				ASSETCATALOG_COMPILER_APPICON_NAME = AppIcon;
				ASSETCATALOG_COMPILER_GLOBAL_ACCENT_COLOR_NAME = AccentColor;
				CODE_SIGN_ENTITLEMENTS = SampleMusic/SampleMusic.entitlements;
				CODE_SIGN_STYLE = Automatic;
				DEVELOPMENT_TEAM = XJZXQZAKD4;
				INFOPLIST_FILE = SampleMusic/Info.plist;
				LD_RUNPATH_SEARCH_PATHS = (
					"$(inherited)",
					"@executable_path/Frameworks",
				);
				PRODUCT_BUNDLE_IDENTIFIER = com.Luk.SampleMusic;
				PRODUCT_NAME = "$(TARGET_NAME)";
				SWIFT_VERSION = 5.0;
				TARGETED_DEVICE_FAMILY = "1,2";
			};
			name = Debug;
		};
		C381566E2726A0C1008E83AC /* Release */ = {
			isa = XCBuildConfiguration;
			baseConfigurationReference = E4DC9775D6CA46AC94652080 /* Pods-SampleMusic.release.xcconfig */;
			buildSettings = {
				ASSETCATALOG_COMPILER_APPICON_NAME = AppIcon;
				ASSETCATALOG_COMPILER_GLOBAL_ACCENT_COLOR_NAME = AccentColor;
				CODE_SIGN_ENTITLEMENTS = SampleMusic/SampleMusic.entitlements;
				CODE_SIGN_STYLE = Automatic;
				DEVELOPMENT_TEAM = XJZXQZAKD4;
				INFOPLIST_FILE = SampleMusic/Info.plist;
				LD_RUNPATH_SEARCH_PATHS = (
					"$(inherited)",
					"@executable_path/Frameworks",
				);
				PRODUCT_BUNDLE_IDENTIFIER = com.Luk.SampleMusic;
				PRODUCT_NAME = "$(TARGET_NAME)";
				SWIFT_VERSION = 5.0;
				TARGETED_DEVICE_FAMILY = "1,2";
			};
			name = Release;
		};
		C38156702726A0C1008E83AC /* Debug */ = {
			isa = XCBuildConfiguration;
			baseConfigurationReference = 88DD22E4CCDE302C2CB06D51 /* Pods-SampleMusicTests.debug.xcconfig */;
			buildSettings = {
				ALWAYS_EMBED_SWIFT_STANDARD_LIBRARIES = YES;
				BUNDLE_LOADER = "$(TEST_HOST)";
				CODE_SIGN_STYLE = Automatic;
				DEVELOPMENT_TEAM = XJZXQZAKD4;
				INFOPLIST_FILE = SampleMusicTests/Info.plist;
				IPHONEOS_DEPLOYMENT_TARGET = 14.5;
				LD_RUNPATH_SEARCH_PATHS = (
					"$(inherited)",
					"@executable_path/Frameworks",
					"@loader_path/Frameworks",
				);
				PRODUCT_BUNDLE_IDENTIFIER = com.Luk.SampleMusicTests;
				PRODUCT_NAME = "$(TARGET_NAME)";
				SWIFT_VERSION = 5.0;
				TARGETED_DEVICE_FAMILY = "1,2";
				TEST_HOST = "$(BUILT_PRODUCTS_DIR)/SampleMusic.app/SampleMusic";
			};
			name = Debug;
		};
		C38156712726A0C1008E83AC /* Release */ = {
			isa = XCBuildConfiguration;
			baseConfigurationReference = BFA5A92947CA12139B458687 /* Pods-SampleMusicTests.release.xcconfig */;
			buildSettings = {
				ALWAYS_EMBED_SWIFT_STANDARD_LIBRARIES = YES;
				BUNDLE_LOADER = "$(TEST_HOST)";
				CODE_SIGN_STYLE = Automatic;
				DEVELOPMENT_TEAM = XJZXQZAKD4;
				INFOPLIST_FILE = SampleMusicTests/Info.plist;
				IPHONEOS_DEPLOYMENT_TARGET = 14.5;
				LD_RUNPATH_SEARCH_PATHS = (
					"$(inherited)",
					"@executable_path/Frameworks",
					"@loader_path/Frameworks",
				);
				PRODUCT_BUNDLE_IDENTIFIER = com.Luk.SampleMusicTests;
				PRODUCT_NAME = "$(TARGET_NAME)";
				SWIFT_VERSION = 5.0;
				TARGETED_DEVICE_FAMILY = "1,2";
				TEST_HOST = "$(BUILT_PRODUCTS_DIR)/SampleMusic.app/SampleMusic";
			};
			name = Release;
		};
		C38156732726A0C1008E83AC /* Debug */ = {
			isa = XCBuildConfiguration;
			baseConfigurationReference = 96224E30FB8E46D8D3E11B9F /* Pods-SampleMusic-SampleMusicUITests.debug.xcconfig */;
			buildSettings = {
				ALWAYS_EMBED_SWIFT_STANDARD_LIBRARIES = YES;
				CODE_SIGN_STYLE = Automatic;
				DEVELOPMENT_TEAM = XJZXQZAKD4;
				INFOPLIST_FILE = SampleMusicUITests/Info.plist;
				LD_RUNPATH_SEARCH_PATHS = (
					"$(inherited)",
					"@executable_path/Frameworks",
					"@loader_path/Frameworks",
				);
				PRODUCT_BUNDLE_IDENTIFIER = com.Luk.SampleMusicUITests;
				PRODUCT_NAME = "$(TARGET_NAME)";
				SWIFT_VERSION = 5.0;
				TARGETED_DEVICE_FAMILY = "1,2";
				TEST_TARGET_NAME = SampleMusic;
			};
			name = Debug;
		};
		C38156742726A0C1008E83AC /* Release */ = {
			isa = XCBuildConfiguration;
			baseConfigurationReference = 773ACBF1A8031B90983DC4CE /* Pods-SampleMusic-SampleMusicUITests.release.xcconfig */;
			buildSettings = {
				ALWAYS_EMBED_SWIFT_STANDARD_LIBRARIES = YES;
				CODE_SIGN_STYLE = Automatic;
				DEVELOPMENT_TEAM = XJZXQZAKD4;
				INFOPLIST_FILE = SampleMusicUITests/Info.plist;
				LD_RUNPATH_SEARCH_PATHS = (
					"$(inherited)",
					"@executable_path/Frameworks",
					"@loader_path/Frameworks",
				);
				PRODUCT_BUNDLE_IDENTIFIER = com.Luk.SampleMusicUITests;
				PRODUCT_NAME = "$(TARGET_NAME)";
				SWIFT_VERSION = 5.0;
				TARGETED_DEVICE_FAMILY = "1,2";
				TEST_TARGET_NAME = SampleMusic;
			};
			name = Release;
		};
/* End XCBuildConfiguration section */

/* Begin XCConfigurationList section */
		C381563D2726A0BF008E83AC /* Build configuration list for PBXProject "SampleMusic" */ = {
			isa = XCConfigurationList;
			buildConfigurations = (
				C381566A2726A0C1008E83AC /* Debug */,
				C381566B2726A0C1008E83AC /* Release */,
			);
			defaultConfigurationIsVisible = 0;
			defaultConfigurationName = Release;
		};
		C381566C2726A0C1008E83AC /* Build configuration list for PBXNativeTarget "SampleMusic" */ = {
			isa = XCConfigurationList;
			buildConfigurations = (
				C381566D2726A0C1008E83AC /* Debug */,
				C381566E2726A0C1008E83AC /* Release */,
			);
			defaultConfigurationIsVisible = 0;
			defaultConfigurationName = Release;
		};
		C381566F2726A0C1008E83AC /* Build configuration list for PBXNativeTarget "SampleMusicTests" */ = {
			isa = XCConfigurationList;
			buildConfigurations = (
				C38156702726A0C1008E83AC /* Debug */,
				C38156712726A0C1008E83AC /* Release */,
			);
			defaultConfigurationIsVisible = 0;
			defaultConfigurationName = Release;
		};
		C38156722726A0C1008E83AC /* Build configuration list for PBXNativeTarget "SampleMusicUITests" */ = {
			isa = XCConfigurationList;
			buildConfigurations = (
				C38156732726A0C1008E83AC /* Debug */,
				C38156742726A0C1008E83AC /* Release */,
			);
			defaultConfigurationIsVisible = 0;
			defaultConfigurationName = Release;
		};
/* End XCConfigurationList section */
	};
	rootObject = C381563A2726A0BF008E83AC /* Project object */;
}
