// !$*UTF8*$!
{
	archiveVersion = 1;
	classes = {
	};
	objectVersion = 51;
	objects = {

/* Begin PBXBuildFile section */
		C30150A727303C2400C85EF3 /* MainScreenDraw.swift in Sources */ = {isa = PBXBuildFile; fileRef = C30150A627303C2400C85EF3 /* MainScreenDraw.swift */; };
		C30150A927312C4600C85EF3 /* RegistrationViewDraw.swift in Sources */ = {isa = PBXBuildFile; fileRef = C30150A827312C4600C85EF3 /* RegistrationViewDraw.swift */; };
		C30150AB27312E3B00C85EF3 /* AddingDataDraw.swift in Sources */ = {isa = PBXBuildFile; fileRef = C30150AA27312E3B00C85EF3 /* AddingDataDraw.swift */; };
		C30150AD27328E6300C85EF3 /* SellerDetailDraw.swift in Sources */ = {isa = PBXBuildFile; fileRef = C30150AC27328E6300C85EF3 /* SellerDetailDraw.swift */; };
		C30150AF2732906600C85EF3 /* ListSamplesDraw.swift in Sources */ = {isa = PBXBuildFile; fileRef = C30150AE2732906600C85EF3 /* ListSamplesDraw.swift */; };
		C30150B12732A59F00C85EF3 /* ListSampleViewModel.swift in Sources */ = {isa = PBXBuildFile; fileRef = C30150B02732A59F00C85EF3 /* ListSampleViewModel.swift */; };
		C33CCA7B272BE47A00C7969E /* DetailModel.swift in Sources */ = {isa = PBXBuildFile; fileRef = C33CCA7A272BE47A00C7969E /* DetailModel.swift */; };
		C33CCA7D272C246600C7969E /* CustomTableViewCell.swift in Sources */ = {isa = PBXBuildFile; fileRef = C33CCA7C272C246600C7969E /* CustomTableViewCell.swift */; };
		C33CCA80272C253200C7969E /* SampleModel.swift in Sources */ = {isa = PBXBuildFile; fileRef = C33CCA7F272C253200C7969E /* SampleModel.swift */; };
		C33CCA82272C3BC800C7969E /* SellerDetailViewModel.swift in Sources */ = {isa = PBXBuildFile; fileRef = C33CCA81272C3BC800C7969E /* SellerDetailViewModel.swift */; };
		C366BE532729726200B3E182 /* SellerDetailViewController.swift in Sources */ = {isa = PBXBuildFile; fileRef = C366BE522729726200B3E182 /* SellerDetailViewController.swift */; };
		C366BE5527298E6900B3E182 /* AddingDataViewController.swift in Sources */ = {isa = PBXBuildFile; fileRef = C366BE5427298E6900B3E182 /* AddingDataViewController.swift */; };
		C366BE5727298EBE00B3E182 /* AddingDataAboutUserViewModel.swift in Sources */ = {isa = PBXBuildFile; fileRef = C366BE5627298EBE00B3E182 /* AddingDataAboutUserViewModel.swift */; };
		C366BE59272AEB5B00B3E182 /* EnumStyle.swift in Sources */ = {isa = PBXBuildFile; fileRef = C366BE58272AEB5B00B3E182 /* EnumStyle.swift */; };
		C38156462726A0BF008E83AC /* AppDelegate.swift in Sources */ = {isa = PBXBuildFile; fileRef = C38156452726A0BF008E83AC /* AppDelegate.swift */; };
		C38156482726A0BF008E83AC /* SceneDelegate.swift in Sources */ = {isa = PBXBuildFile; fileRef = C38156472726A0BF008E83AC /* SceneDelegate.swift */; };
		C381564A2726A0BF008E83AC /* MainScreenViewController.swift in Sources */ = {isa = PBXBuildFile; fileRef = C38156492726A0BF008E83AC /* MainScreenViewController.swift */; };
		C381564F2726A0C0008E83AC /* Assets.xcassets in Resources */ = {isa = PBXBuildFile; fileRef = C381564E2726A0C0008E83AC /* Assets.xcassets */; };
		C38156522726A0C0008E83AC /* LaunchScreen.storyboard in Resources */ = {isa = PBXBuildFile; fileRef = C38156502726A0C0008E83AC /* LaunchScreen.storyboard */; };
		C381565D2726A0C1008E83AC /* SampleMusicTests.swift in Sources */ = {isa = PBXBuildFile; fileRef = C381565C2726A0C1008E83AC /* SampleMusicTests.swift */; };
		C38156682726A0C1008E83AC /* SampleMusicUITests.swift in Sources */ = {isa = PBXBuildFile; fileRef = C38156672726A0C1008E83AC /* SampleMusicUITests.swift */; };
		C38156762726A5D9008E83AC /* GoogleService-Info.plist in Resources */ = {isa = PBXBuildFile; fileRef = C38156752726A5D9008E83AC /* GoogleService-Info.plist */; };
		C381567D2726A930008E83AC /* Coordinator.swift in Sources */ = {isa = PBXBuildFile; fileRef = C381567C2726A930008E83AC /* Coordinator.swift */; };
		C381567F2726A962008E83AC /* MainCoordinator.swift in Sources */ = {isa = PBXBuildFile; fileRef = C381567E2726A962008E83AC /* MainCoordinator.swift */; };
		C38156842726F81B008E83AC /* Extension.swift in Sources */ = {isa = PBXBuildFile; fileRef = C38156832726F81B008E83AC /* Extension.swift */; };
		C381568627270783008E83AC /* RegistrationViewController.swift in Sources */ = {isa = PBXBuildFile; fileRef = C381568527270783008E83AC /* RegistrationViewController.swift */; };
		C38156882728147A008E83AC /* MainScreenViewModel.swift in Sources */ = {isa = PBXBuildFile; fileRef = C38156872728147A008E83AC /* MainScreenViewModel.swift */; };
		C381568A27281499008E83AC /* RegistrationViewModel.swift in Sources */ = {isa = PBXBuildFile; fileRef = C381568927281499008E83AC /* RegistrationViewModel.swift */; };
		C381568D27281B3F008E83AC /* Configure.swift in Sources */ = {isa = PBXBuildFile; fileRef = C381568C27281B3F008E83AC /* Configure.swift */; };
		C381568F272822C6008E83AC /* ListSamplesViewController.swift in Sources */ = {isa = PBXBuildFile; fileRef = C381568E272822C6008E83AC /* ListSamplesViewController.swift */; };
		CE465B295A968BB62465D06D /* Pods_SampleMusic.framework in Frameworks */ = {isa = PBXBuildFile; fileRef = 079D9E4C0D753E218344DC3F /* Pods_SampleMusic.framework */; };
		DC36B3A781F7794D7015F33E /* Pods_SampleMusicTests.framework in Frameworks */ = {isa = PBXBuildFile; fileRef = C9D95BEE1F265D80C11E3520 /* Pods_SampleMusicTests.framework */; };
		FB0D40F7D07B982B002E6261 /* Pods_SampleMusic_SampleMusicUITests.framework in Frameworks */ = {isa = PBXBuildFile; fileRef = 5E3C9C685F53E93888934FCF /* Pods_SampleMusic_SampleMusicUITests.framework */; };
/* End PBXBuildFile section */

/* Begin PBXContainerItemProxy section */
		C38156592726A0C1008E83AC /* PBXContainerItemProxy */ = {
			isa = PBXContainerItemProxy;
			containerPortal = C381563A2726A0BF008E83AC /* Project object */;
			proxyType = 1;
			remoteGlobalIDString = C38156412726A0BF008E83AC;
			remoteInfo = SampleMusic;
		};
		C38156642726A0C1008E83AC /* PBXContainerItemProxy */ = {
			isa = PBXContainerItemProxy;
			containerPortal = C381563A2726A0BF008E83AC /* Project object */;
			proxyType = 1;
			remoteGlobalIDString = C38156412726A0BF008E83AC;
			remoteInfo = SampleMusic;
		};
/* End PBXContainerItemProxy section */

/* Begin PBXFileReference section */
		079D9E4C0D753E218344DC3F /* Pods_SampleMusic.framework */ = {isa = PBXFileReference; explicitFileType = wrapper.framework; includeInIndex = 0; path = Pods_SampleMusic.framework; sourceTree = BUILT_PRODUCTS_DIR; };
		211C30A5293F2D478808A40F /* Pods-SampleMusicTests.debug.xcconfig */ = {isa = PBXFileReference; includeInIndex = 1; lastKnownFileType = text.xcconfig; name = "Pods-SampleMusicTests.debug.xcconfig"; path = "Target Support Files/Pods-SampleMusicTests/Pods-SampleMusicTests.debug.xcconfig"; sourceTree = "<group>"; };
		4CE783F6628B3849DDC5686C /* Pods-SampleMusic.release.xcconfig */ = {isa = PBXFileReference; includeInIndex = 1; lastKnownFileType = text.xcconfig; name = "Pods-SampleMusic.release.xcconfig"; path = "Target Support Files/Pods-SampleMusic/Pods-SampleMusic.release.xcconfig"; sourceTree = "<group>"; };
		5E3C9C685F53E93888934FCF /* Pods_SampleMusic_SampleMusicUITests.framework */ = {isa = PBXFileReference; explicitFileType = wrapper.framework; includeInIndex = 0; path = Pods_SampleMusic_SampleMusicUITests.framework; sourceTree = BUILT_PRODUCTS_DIR; };
		60A490E9741567546D2FECC3 /* Pods-SampleMusic-SampleMusicUITests.debug.xcconfig */ = {isa = PBXFileReference; includeInIndex = 1; lastKnownFileType = text.xcconfig; name = "Pods-SampleMusic-SampleMusicUITests.debug.xcconfig"; path = "Target Support Files/Pods-SampleMusic-SampleMusicUITests/Pods-SampleMusic-SampleMusicUITests.debug.xcconfig"; sourceTree = "<group>"; };
		AB940735E610B39B5A3B3EBE /* Pods-SampleMusicTests.release.xcconfig */ = {isa = PBXFileReference; includeInIndex = 1; lastKnownFileType = text.xcconfig; name = "Pods-SampleMusicTests.release.xcconfig"; path = "Target Support Files/Pods-SampleMusicTests/Pods-SampleMusicTests.release.xcconfig"; sourceTree = "<group>"; };
		C30150A627303C2400C85EF3 /* MainScreenDraw.swift */ = {isa = PBXFileReference; lastKnownFileType = sourcecode.swift; path = MainScreenDraw.swift; sourceTree = "<group>"; };
		C30150A827312C4600C85EF3 /* RegistrationViewDraw.swift */ = {isa = PBXFileReference; lastKnownFileType = sourcecode.swift; path = RegistrationViewDraw.swift; sourceTree = "<group>"; };
		C30150AA27312E3B00C85EF3 /* AddingDataDraw.swift */ = {isa = PBXFileReference; lastKnownFileType = sourcecode.swift; path = AddingDataDraw.swift; sourceTree = "<group>"; };
		C30150AC27328E6300C85EF3 /* SellerDetailDraw.swift */ = {isa = PBXFileReference; lastKnownFileType = sourcecode.swift; path = SellerDetailDraw.swift; sourceTree = "<group>"; };
		C30150AE2732906600C85EF3 /* ListSamplesDraw.swift */ = {isa = PBXFileReference; lastKnownFileType = sourcecode.swift; path = ListSamplesDraw.swift; sourceTree = "<group>"; };
		C30150B02732A59F00C85EF3 /* ListSampleViewModel.swift */ = {isa = PBXFileReference; lastKnownFileType = sourcecode.swift; path = ListSampleViewModel.swift; sourceTree = "<group>"; };
		C33CCA7A272BE47A00C7969E /* DetailModel.swift */ = {isa = PBXFileReference; lastKnownFileType = sourcecode.swift; path = DetailModel.swift; sourceTree = "<group>"; };
		C33CCA7C272C246600C7969E /* CustomTableViewCell.swift */ = {isa = PBXFileReference; lastKnownFileType = sourcecode.swift; path = CustomTableViewCell.swift; sourceTree = "<group>"; };
		C33CCA7F272C253200C7969E /* SampleModel.swift */ = {isa = PBXFileReference; lastKnownFileType = sourcecode.swift; path = SampleModel.swift; sourceTree = "<group>"; };
		C33CCA81272C3BC800C7969E /* SellerDetailViewModel.swift */ = {isa = PBXFileReference; lastKnownFileType = sourcecode.swift; path = SellerDetailViewModel.swift; sourceTree = "<group>"; };
		C366BE522729726200B3E182 /* SellerDetailViewController.swift */ = {isa = PBXFileReference; lastKnownFileType = sourcecode.swift; path = SellerDetailViewController.swift; sourceTree = "<group>"; };
		C366BE5427298E6900B3E182 /* AddingDataViewController.swift */ = {isa = PBXFileReference; lastKnownFileType = sourcecode.swift; path = AddingDataViewController.swift; sourceTree = "<group>"; };
		C366BE5627298EBE00B3E182 /* AddingDataAboutUserViewModel.swift */ = {isa = PBXFileReference; lastKnownFileType = sourcecode.swift; path = AddingDataAboutUserViewModel.swift; sourceTree = "<group>"; };
		C366BE58272AEB5B00B3E182 /* EnumStyle.swift */ = {isa = PBXFileReference; lastKnownFileType = sourcecode.swift; path = EnumStyle.swift; sourceTree = "<group>"; };
		C38156422726A0BF008E83AC /* SampleMusic.app */ = {isa = PBXFileReference; explicitFileType = wrapper.application; includeInIndex = 0; path = SampleMusic.app; sourceTree = BUILT_PRODUCTS_DIR; };
		C38156452726A0BF008E83AC /* AppDelegate.swift */ = {isa = PBXFileReference; lastKnownFileType = sourcecode.swift; path = AppDelegate.swift; sourceTree = "<group>"; };
		C38156472726A0BF008E83AC /* SceneDelegate.swift */ = {isa = PBXFileReference; lastKnownFileType = sourcecode.swift; path = SceneDelegate.swift; sourceTree = "<group>"; };
		C38156492726A0BF008E83AC /* MainScreenViewController.swift */ = {isa = PBXFileReference; lastKnownFileType = sourcecode.swift; path = MainScreenViewController.swift; sourceTree = "<group>"; };
		C381564E2726A0C0008E83AC /* Assets.xcassets */ = {isa = PBXFileReference; lastKnownFileType = folder.assetcatalog; path = Assets.xcassets; sourceTree = "<group>"; };
		C38156512726A0C0008E83AC /* Base */ = {isa = PBXFileReference; lastKnownFileType = file.storyboard; name = Base; path = Base.lproj/LaunchScreen.storyboard; sourceTree = "<group>"; };
		C38156532726A0C0008E83AC /* Info.plist */ = {isa = PBXFileReference; lastKnownFileType = text.plist.xml; path = Info.plist; sourceTree = "<group>"; };
		C38156582726A0C1008E83AC /* SampleMusicTests.xctest */ = {isa = PBXFileReference; explicitFileType = wrapper.cfbundle; includeInIndex = 0; path = SampleMusicTests.xctest; sourceTree = BUILT_PRODUCTS_DIR; };
		C381565C2726A0C1008E83AC /* SampleMusicTests.swift */ = {isa = PBXFileReference; lastKnownFileType = sourcecode.swift; path = SampleMusicTests.swift; sourceTree = "<group>"; };
		C381565E2726A0C1008E83AC /* Info.plist */ = {isa = PBXFileReference; lastKnownFileType = text.plist.xml; path = Info.plist; sourceTree = "<group>"; };
		C38156632726A0C1008E83AC /* SampleMusicUITests.xctest */ = {isa = PBXFileReference; explicitFileType = wrapper.cfbundle; includeInIndex = 0; path = SampleMusicUITests.xctest; sourceTree = BUILT_PRODUCTS_DIR; };
		C38156672726A0C1008E83AC /* SampleMusicUITests.swift */ = {isa = PBXFileReference; lastKnownFileType = sourcecode.swift; path = SampleMusicUITests.swift; sourceTree = "<group>"; };
		C38156692726A0C1008E83AC /* Info.plist */ = {isa = PBXFileReference; lastKnownFileType = text.plist.xml; path = Info.plist; sourceTree = "<group>"; };
		C38156752726A5D9008E83AC /* GoogleService-Info.plist */ = {isa = PBXFileReference; fileEncoding = 4; lastKnownFileType = text.plist.xml; path = "GoogleService-Info.plist"; sourceTree = "<group>"; };
		C381567C2726A930008E83AC /* Coordinator.swift */ = {isa = PBXFileReference; lastKnownFileType = sourcecode.swift; path = Coordinator.swift; sourceTree = "<group>"; };
		C381567E2726A962008E83AC /* MainCoordinator.swift */ = {isa = PBXFileReference; lastKnownFileType = sourcecode.swift; path = MainCoordinator.swift; sourceTree = "<group>"; };
		C38156832726F81B008E83AC /* Extension.swift */ = {isa = PBXFileReference; lastKnownFileType = sourcecode.swift; path = Extension.swift; sourceTree = "<group>"; };
		C381568527270783008E83AC /* RegistrationViewController.swift */ = {isa = PBXFileReference; lastKnownFileType = sourcecode.swift; path = RegistrationViewController.swift; sourceTree = "<group>"; };
		C38156872728147A008E83AC /* MainScreenViewModel.swift */ = {isa = PBXFileReference; lastKnownFileType = sourcecode.swift; path = MainScreenViewModel.swift; sourceTree = "<group>"; };
		C381568927281499008E83AC /* RegistrationViewModel.swift */ = {isa = PBXFileReference; lastKnownFileType = sourcecode.swift; path = RegistrationViewModel.swift; sourceTree = "<group>"; };
		C381568C27281B3F008E83AC /* Configure.swift */ = {isa = PBXFileReference; lastKnownFileType = sourcecode.swift; path = Configure.swift; sourceTree = "<group>"; };
		C381568E272822C6008E83AC /* ListSamplesViewController.swift */ = {isa = PBXFileReference; lastKnownFileType = sourcecode.swift; path = ListSamplesViewController.swift; sourceTree = "<group>"; };
		C9D95BEE1F265D80C11E3520 /* Pods_SampleMusicTests.framework */ = {isa = PBXFileReference; explicitFileType = wrapper.framework; includeInIndex = 0; path = Pods_SampleMusicTests.framework; sourceTree = BUILT_PRODUCTS_DIR; };
		E422F86AE22F9CF71F8803D2 /* Pods-SampleMusic.debug.xcconfig */ = {isa = PBXFileReference; includeInIndex = 1; lastKnownFileType = text.xcconfig; name = "Pods-SampleMusic.debug.xcconfig"; path = "Target Support Files/Pods-SampleMusic/Pods-SampleMusic.debug.xcconfig"; sourceTree = "<group>"; };
		F7C1D32D370808EEFD3488BC /* Pods-SampleMusic-SampleMusicUITests.release.xcconfig */ = {isa = PBXFileReference; includeInIndex = 1; lastKnownFileType = text.xcconfig; name = "Pods-SampleMusic-SampleMusicUITests.release.xcconfig"; path = "Target Support Files/Pods-SampleMusic-SampleMusicUITests/Pods-SampleMusic-SampleMusicUITests.release.xcconfig"; sourceTree = "<group>"; };
/* End PBXFileReference section */

/* Begin PBXFrameworksBuildPhase section */
		C381563F2726A0BF008E83AC /* Frameworks */ = {
			isa = PBXFrameworksBuildPhase;
			buildActionMask = 2147483647;
			files = (
				CE465B295A968BB62465D06D /* Pods_SampleMusic.framework in Frameworks */,
			);
			runOnlyForDeploymentPostprocessing = 0;
		};
		C38156552726A0C1008E83AC /* Frameworks */ = {
			isa = PBXFrameworksBuildPhase;
			buildActionMask = 2147483647;
			files = (
				DC36B3A781F7794D7015F33E /* Pods_SampleMusicTests.framework in Frameworks */,
			);
			runOnlyForDeploymentPostprocessing = 0;
		};
		C38156602726A0C1008E83AC /* Frameworks */ = {
			isa = PBXFrameworksBuildPhase;
			buildActionMask = 2147483647;
			files = (
				FB0D40F7D07B982B002E6261 /* Pods_SampleMusic_SampleMusicUITests.framework in Frameworks */,
			);
			runOnlyForDeploymentPostprocessing = 0;
		};
/* End PBXFrameworksBuildPhase section */

/* Begin PBXGroup section */
		1AD2A7C3C4FD536EAA9D7DB5 /* Pods */ = {
			isa = PBXGroup;
			children = (
				E422F86AE22F9CF71F8803D2 /* Pods-SampleMusic.debug.xcconfig */,
				4CE783F6628B3849DDC5686C /* Pods-SampleMusic.release.xcconfig */,
				60A490E9741567546D2FECC3 /* Pods-SampleMusic-SampleMusicUITests.debug.xcconfig */,
				F7C1D32D370808EEFD3488BC /* Pods-SampleMusic-SampleMusicUITests.release.xcconfig */,
				211C30A5293F2D478808A40F /* Pods-SampleMusicTests.debug.xcconfig */,
				AB940735E610B39B5A3B3EBE /* Pods-SampleMusicTests.release.xcconfig */,
			);
			path = Pods;
			sourceTree = "<group>";
		};
		C30150A52730382D00C85EF3 /* Drawing View */ = {
			isa = PBXGroup;
			children = (
				C30150A627303C2400C85EF3 /* MainScreenDraw.swift */,
				C30150A827312C4600C85EF3 /* RegistrationViewDraw.swift */,
				C30150AA27312E3B00C85EF3 /* AddingDataDraw.swift */,
				C30150AC27328E6300C85EF3 /* SellerDetailDraw.swift */,
				C30150AE2732906600C85EF3 /* ListSamplesDraw.swift */,
			);
			path = "Drawing View";
			sourceTree = "<group>";
		};
		C33CCA7E272C246B00C7969E /* Cell */ = {
			isa = PBXGroup;
			children = (
				C33CCA7C272C246600C7969E /* CustomTableViewCell.swift */,
			);
			path = Cell;
			sourceTree = "<group>";
		};
		C38156392726A0BF008E83AC = {
			isa = PBXGroup;
			children = (
				C38156442726A0BF008E83AC /* SampleMusic */,
				C381565B2726A0C1008E83AC /* SampleMusicTests */,
				C38156662726A0C1008E83AC /* SampleMusicUITests */,
				C38156432726A0BF008E83AC /* Products */,
				1AD2A7C3C4FD536EAA9D7DB5 /* Pods */,
				F761F145E50674D7EBB91DB2 /* Frameworks */,
			);
			sourceTree = "<group>";
		};
		C38156432726A0BF008E83AC /* Products */ = {
			isa = PBXGroup;
			children = (
				C38156422726A0BF008E83AC /* SampleMusic.app */,
				C38156582726A0C1008E83AC /* SampleMusicTests.xctest */,
				C38156632726A0C1008E83AC /* SampleMusicUITests.xctest */,
			);
			name = Products;
			sourceTree = "<group>";
		};
		C38156442726A0BF008E83AC /* SampleMusic */ = {
			isa = PBXGroup;
			children = (
				C381568B27281B33008E83AC /* Dependencies */,
				C38156822726F80F008E83AC /* Extension */,
				C381567B2726A903008E83AC /* Coordinator */,
				C381567A2726A894008E83AC /* ViewModel */,
				C38156792726A88F008E83AC /* View */,
				C38156782726A88B008E83AC /* Model */,
				C38156772726A86D008E83AC /* Helpers */,
				C38156532726A0C0008E83AC /* Info.plist */,
				C381564E2726A0C0008E83AC /* Assets.xcassets */,
			);
			path = SampleMusic;
			sourceTree = "<group>";
		};
		C381565B2726A0C1008E83AC /* SampleMusicTests */ = {
			isa = PBXGroup;
			children = (
				C381565C2726A0C1008E83AC /* SampleMusicTests.swift */,
				C381565E2726A0C1008E83AC /* Info.plist */,
			);
			path = SampleMusicTests;
			sourceTree = "<group>";
		};
		C38156662726A0C1008E83AC /* SampleMusicUITests */ = {
			isa = PBXGroup;
			children = (
				C38156672726A0C1008E83AC /* SampleMusicUITests.swift */,
				C38156692726A0C1008E83AC /* Info.plist */,
			);
			path = SampleMusicUITests;
			sourceTree = "<group>";
		};
		C38156772726A86D008E83AC /* Helpers */ = {
			isa = PBXGroup;
			children = (
				C38156452726A0BF008E83AC /* AppDelegate.swift */,
				C38156472726A0BF008E83AC /* SceneDelegate.swift */,
				C38156502726A0C0008E83AC /* LaunchScreen.storyboard */,
				C38156752726A5D9008E83AC /* GoogleService-Info.plist */,
			);
			path = Helpers;
			sourceTree = "<group>";
		};
		C38156782726A88B008E83AC /* Model */ = {
			isa = PBXGroup;
			children = (
				C33CCA7A272BE47A00C7969E /* DetailModel.swift */,
				C33CCA7F272C253200C7969E /* SampleModel.swift */,
			);
			path = Model;
			sourceTree = "<group>";
		};
		C38156792726A88F008E83AC /* View */ = {
			isa = PBXGroup;
			children = (
				C30150A52730382D00C85EF3 /* Drawing View */,
				C33CCA7E272C246B00C7969E /* Cell */,
				C38156492726A0BF008E83AC /* MainScreenViewController.swift */,
				C381568527270783008E83AC /* RegistrationViewController.swift */,
				C381568E272822C6008E83AC /* ListSamplesViewController.swift */,
				C366BE522729726200B3E182 /* SellerDetailViewController.swift */,
				C366BE5427298E6900B3E182 /* AddingDataViewController.swift */,
			);
			path = View;
			sourceTree = "<group>";
		};
		C381567A2726A894008E83AC /* ViewModel */ = {
			isa = PBXGroup;
			children = (
				C38156872728147A008E83AC /* MainScreenViewModel.swift */,
				C381568927281499008E83AC /* RegistrationViewModel.swift */,
				C366BE5627298EBE00B3E182 /* AddingDataAboutUserViewModel.swift */,
				C33CCA81272C3BC800C7969E /* SellerDetailViewModel.swift */,
				C30150B02732A59F00C85EF3 /* ListSampleViewModel.swift */,
			);
			path = ViewModel;
			sourceTree = "<group>";
		};
		C381567B2726A903008E83AC /* Coordinator */ = {
			isa = PBXGroup;
			children = (
				C381567C2726A930008E83AC /* Coordinator.swift */,
				C381567E2726A962008E83AC /* MainCoordinator.swift */,
			);
			path = Coordinator;
			sourceTree = "<group>";
		};
		C38156822726F80F008E83AC /* Extension */ = {
			isa = PBXGroup;
			children = (
				C38156832726F81B008E83AC /* Extension.swift */,
				C366BE58272AEB5B00B3E182 /* EnumStyle.swift */,
			);
			path = Extension;
			sourceTree = "<group>";
		};
		C381568B27281B33008E83AC /* Dependencies */ = {
			isa = PBXGroup;
			children = (
				C381568C27281B3F008E83AC /* Configure.swift */,
			);
			path = Dependencies;
			sourceTree = "<group>";
		};
		F761F145E50674D7EBB91DB2 /* Frameworks */ = {
			isa = PBXGroup;
			children = (
				079D9E4C0D753E218344DC3F /* Pods_SampleMusic.framework */,
				5E3C9C685F53E93888934FCF /* Pods_SampleMusic_SampleMusicUITests.framework */,
				C9D95BEE1F265D80C11E3520 /* Pods_SampleMusicTests.framework */,
			);
			name = Frameworks;
			sourceTree = "<group>";
		};
/* End PBXGroup section */

/* Begin PBXNativeTarget section */
		C38156412726A0BF008E83AC /* SampleMusic */ = {
			isa = PBXNativeTarget;
			buildConfigurationList = C381566C2726A0C1008E83AC /* Build configuration list for PBXNativeTarget "SampleMusic" */;
			buildPhases = (
				CDD4EB66A1C2D3B057EF22CE /* [CP] Check Pods Manifest.lock */,
				C381563E2726A0BF008E83AC /* Sources */,
				C381563F2726A0BF008E83AC /* Frameworks */,
				C38156402726A0BF008E83AC /* Resources */,
				40D1E5458A628ACC8E66DA66 /* [CP] Embed Pods Frameworks */,
			);
			buildRules = (
			);
			dependencies = (
			);
			name = SampleMusic;
			productName = SampleMusic;
			productReference = C38156422726A0BF008E83AC /* SampleMusic.app */;
			productType = "com.apple.product-type.application";
		};
		C38156572726A0C1008E83AC /* SampleMusicTests */ = {
			isa = PBXNativeTarget;
			buildConfigurationList = C381566F2726A0C1008E83AC /* Build configuration list for PBXNativeTarget "SampleMusicTests" */;
			buildPhases = (
				5109C8D2BDF509B2E10CC04E /* [CP] Check Pods Manifest.lock */,
				C38156542726A0C1008E83AC /* Sources */,
				C38156552726A0C1008E83AC /* Frameworks */,
				C38156562726A0C1008E83AC /* Resources */,
			);
			buildRules = (
			);
			dependencies = (
				C381565A2726A0C1008E83AC /* PBXTargetDependency */,
			);
			name = SampleMusicTests;
			productName = SampleMusicTests;
			productReference = C38156582726A0C1008E83AC /* SampleMusicTests.xctest */;
			productType = "com.apple.product-type.bundle.unit-test";
		};
		C38156622726A0C1008E83AC /* SampleMusicUITests */ = {
			isa = PBXNativeTarget;
			buildConfigurationList = C38156722726A0C1008E83AC /* Build configuration list for PBXNativeTarget "SampleMusicUITests" */;
			buildPhases = (
				0C58D7587A5526300083ADC5 /* [CP] Check Pods Manifest.lock */,
				C381565F2726A0C1008E83AC /* Sources */,
				C38156602726A0C1008E83AC /* Frameworks */,
				C38156612726A0C1008E83AC /* Resources */,
				BEC0E2BB74913870A70B9123 /* [CP] Embed Pods Frameworks */,
			);
			buildRules = (
			);
			dependencies = (
				C38156652726A0C1008E83AC /* PBXTargetDependency */,
			);
			name = SampleMusicUITests;
			productName = SampleMusicUITests;
			productReference = C38156632726A0C1008E83AC /* SampleMusicUITests.xctest */;
			productType = "com.apple.product-type.bundle.ui-testing";
		};
/* End PBXNativeTarget section */

/* Begin PBXProject section */
		C381563A2726A0BF008E83AC /* Project object */ = {
			isa = PBXProject;
			attributes = {
				LastSwiftUpdateCheck = 1250;
				LastUpgradeCheck = 1250;
				TargetAttributes = {
					C38156412726A0BF008E83AC = {
						CreatedOnToolsVersion = 12.5.1;
					};
					C38156572726A0C1008E83AC = {
						CreatedOnToolsVersion = 12.5.1;
						TestTargetID = C38156412726A0BF008E83AC;
					};
					C38156622726A0C1008E83AC = {
						CreatedOnToolsVersion = 12.5.1;
						TestTargetID = C38156412726A0BF008E83AC;
					};
				};
			};
			buildConfigurationList = C381563D2726A0BF008E83AC /* Build configuration list for PBXProject "SampleMusic" */;
			compatibilityVersion = "Xcode 9.3";
			developmentRegion = en;
			hasScannedForEncodings = 0;
			knownRegions = (
				en,
				Base,
			);
			mainGroup = C38156392726A0BF008E83AC;
			productRefGroup = C38156432726A0BF008E83AC /* Products */;
			projectDirPath = "";
			projectRoot = "";
			targets = (
				C38156412726A0BF008E83AC /* SampleMusic */,
				C38156572726A0C1008E83AC /* SampleMusicTests */,
				C38156622726A0C1008E83AC /* SampleMusicUITests */,
			);
		};
/* End PBXProject section */

/* Begin PBXResourcesBuildPhase section */
		C38156402726A0BF008E83AC /* Resources */ = {
			isa = PBXResourcesBuildPhase;
			buildActionMask = 2147483647;
			files = (
				C38156522726A0C0008E83AC /* LaunchScreen.storyboard in Resources */,
				C381564F2726A0C0008E83AC /* Assets.xcassets in Resources */,
				C38156762726A5D9008E83AC /* GoogleService-Info.plist in Resources */,
			);
			runOnlyForDeploymentPostprocessing = 0;
		};
		C38156562726A0C1008E83AC /* Resources */ = {
			isa = PBXResourcesBuildPhase;
			buildActionMask = 2147483647;
			files = (
			);
			runOnlyForDeploymentPostprocessing = 0;
		};
		C38156612726A0C1008E83AC /* Resources */ = {
			isa = PBXResourcesBuildPhase;
			buildActionMask = 2147483647;
			files = (
			);
			runOnlyForDeploymentPostprocessing = 0;
		};
/* End PBXResourcesBuildPhase section */

/* Begin PBXShellScriptBuildPhase section */
		0C58D7587A5526300083ADC5 /* [CP] Check Pods Manifest.lock */ = {
			isa = PBXShellScriptBuildPhase;
			buildActionMask = 2147483647;
			files = (
			);
			inputFileListPaths = (
			);
			inputPaths = (
				"${PODS_PODFILE_DIR_PATH}/Podfile.lock",
				"${PODS_ROOT}/Manifest.lock",
			);
			name = "[CP] Check Pods Manifest.lock";
			outputFileListPaths = (
			);
			outputPaths = (
				"$(DERIVED_FILE_DIR)/Pods-SampleMusic-SampleMusicUITests-checkManifestLockResult.txt",
			);
			runOnlyForDeploymentPostprocessing = 0;
			shellPath = /bin/sh;
			shellScript = "diff \"${PODS_PODFILE_DIR_PATH}/Podfile.lock\" \"${PODS_ROOT}/Manifest.lock\" > /dev/null\nif [ $? != 0 ] ; then\n    # print error to STDERR\n    echo \"error: The sandbox is not in sync with the Podfile.lock. Run 'pod install' or update your CocoaPods installation.\" >&2\n    exit 1\nfi\n# This output is used by Xcode 'outputs' to avoid re-running this script phase.\necho \"SUCCESS\" > \"${SCRIPT_OUTPUT_FILE_0}\"\n";
			showEnvVarsInLog = 0;
		};
		40D1E5458A628ACC8E66DA66 /* [CP] Embed Pods Frameworks */ = {
			isa = PBXShellScriptBuildPhase;
			buildActionMask = 2147483647;
			files = (
			);
			inputFileListPaths = (
				"${PODS_ROOT}/Target Support Files/Pods-SampleMusic/Pods-SampleMusic-frameworks-${CONFIGURATION}-input-files.xcfilelist",
			);
			name = "[CP] Embed Pods Frameworks";
			outputFileListPaths = (
				"${PODS_ROOT}/Target Support Files/Pods-SampleMusic/Pods-SampleMusic-frameworks-${CONFIGURATION}-output-files.xcfilelist",
			);
			runOnlyForDeploymentPostprocessing = 0;
			shellPath = /bin/sh;
			shellScript = "\"${PODS_ROOT}/Target Support Files/Pods-SampleMusic/Pods-SampleMusic-frameworks.sh\"\n";
			showEnvVarsInLog = 0;
		};
		5109C8D2BDF509B2E10CC04E /* [CP] Check Pods Manifest.lock */ = {
			isa = PBXShellScriptBuildPhase;
			buildActionMask = 2147483647;
			files = (
			);
			inputFileListPaths = (
			);
			inputPaths = (
				"${PODS_PODFILE_DIR_PATH}/Podfile.lock",
				"${PODS_ROOT}/Manifest.lock",
			);
			name = "[CP] Check Pods Manifest.lock";
			outputFileListPaths = (
			);
			outputPaths = (
				"$(DERIVED_FILE_DIR)/Pods-SampleMusicTests-checkManifestLockResult.txt",
			);
			runOnlyForDeploymentPostprocessing = 0;
			shellPath = /bin/sh;
			shellScript = "diff \"${PODS_PODFILE_DIR_PATH}/Podfile.lock\" \"${PODS_ROOT}/Manifest.lock\" > /dev/null\nif [ $? != 0 ] ; then\n    # print error to STDERR\n    echo \"error: The sandbox is not in sync with the Podfile.lock. Run 'pod install' or update your CocoaPods installation.\" >&2\n    exit 1\nfi\n# This output is used by Xcode 'outputs' to avoid re-running this script phase.\necho \"SUCCESS\" > \"${SCRIPT_OUTPUT_FILE_0}\"\n";
			showEnvVarsInLog = 0;
		};
		BEC0E2BB74913870A70B9123 /* [CP] Embed Pods Frameworks */ = {
			isa = PBXShellScriptBuildPhase;
			buildActionMask = 2147483647;
			files = (
			);
			inputFileListPaths = (
				"${PODS_ROOT}/Target Support Files/Pods-SampleMusic-SampleMusicUITests/Pods-SampleMusic-SampleMusicUITests-frameworks-${CONFIGURATION}-input-files.xcfilelist",
			);
			name = "[CP] Embed Pods Frameworks";
			outputFileListPaths = (
				"${PODS_ROOT}/Target Support Files/Pods-SampleMusic-SampleMusicUITests/Pods-SampleMusic-SampleMusicUITests-frameworks-${CONFIGURATION}-output-files.xcfilelist",
			);
			runOnlyForDeploymentPostprocessing = 0;
			shellPath = /bin/sh;
			shellScript = "\"${PODS_ROOT}/Target Support Files/Pods-SampleMusic-SampleMusicUITests/Pods-SampleMusic-SampleMusicUITests-frameworks.sh\"\n";
			showEnvVarsInLog = 0;
		};
		CDD4EB66A1C2D3B057EF22CE /* [CP] Check Pods Manifest.lock */ = {
			isa = PBXShellScriptBuildPhase;
			buildActionMask = 2147483647;
			files = (
			);
			inputFileListPaths = (
			);
			inputPaths = (
				"${PODS_PODFILE_DIR_PATH}/Podfile.lock",
				"${PODS_ROOT}/Manifest.lock",
			);
			name = "[CP] Check Pods Manifest.lock";
			outputFileListPaths = (
			);
			outputPaths = (
				"$(DERIVED_FILE_DIR)/Pods-SampleMusic-checkManifestLockResult.txt",
			);
			runOnlyForDeploymentPostprocessing = 0;
			shellPath = /bin/sh;
			shellScript = "diff \"${PODS_PODFILE_DIR_PATH}/Podfile.lock\" \"${PODS_ROOT}/Manifest.lock\" > /dev/null\nif [ $? != 0 ] ; then\n    # print error to STDERR\n    echo \"error: The sandbox is not in sync with the Podfile.lock. Run 'pod install' or update your CocoaPods installation.\" >&2\n    exit 1\nfi\n# This output is used by Xcode 'outputs' to avoid re-running this script phase.\necho \"SUCCESS\" > \"${SCRIPT_OUTPUT_FILE_0}\"\n";
			showEnvVarsInLog = 0;
		};
/* End PBXShellScriptBuildPhase section */

/* Begin PBXSourcesBuildPhase section */
		C381563E2726A0BF008E83AC /* Sources */ = {
			isa = PBXSourcesBuildPhase;
			buildActionMask = 2147483647;
			files = (
				C30150A927312C4600C85EF3 /* RegistrationViewDraw.swift in Sources */,
				C381567D2726A930008E83AC /* Coordinator.swift in Sources */,
				C30150AB27312E3B00C85EF3 /* AddingDataDraw.swift in Sources */,
				C33CCA80272C253200C7969E /* SampleModel.swift in Sources */,
				C381568A27281499008E83AC /* RegistrationViewModel.swift in Sources */,
				C33CCA82272C3BC800C7969E /* SellerDetailViewModel.swift in Sources */,
				C381564A2726A0BF008E83AC /* MainScreenViewController.swift in Sources */,
				C30150B12732A59F00C85EF3 /* ListSampleViewModel.swift in Sources */,
				C38156462726A0BF008E83AC /* AppDelegate.swift in Sources */,
				C366BE5727298EBE00B3E182 /* AddingDataAboutUserViewModel.swift in Sources */,
				C366BE532729726200B3E182 /* SellerDetailViewController.swift in Sources */,
				C381568F272822C6008E83AC /* ListSamplesViewController.swift in Sources */,
				C381568D27281B3F008E83AC /* Configure.swift in Sources */,
				C366BE59272AEB5B00B3E182 /* EnumStyle.swift in Sources */,
				C33CCA7D272C246600C7969E /* CustomTableViewCell.swift in Sources */,
				C38156842726F81B008E83AC /* Extension.swift in Sources */,
				C366BE5527298E6900B3E182 /* AddingDataViewController.swift in Sources */,
				C381568627270783008E83AC /* RegistrationViewController.swift in Sources */,
				C38156882728147A008E83AC /* MainScreenViewModel.swift in Sources */,
				C33CCA7B272BE47A00C7969E /* DetailModel.swift in Sources */,
				C30150AD27328E6300C85EF3 /* SellerDetailDraw.swift in Sources */,
				C381567F2726A962008E83AC /* MainCoordinator.swift in Sources */,
				C30150A727303C2400C85EF3 /* MainScreenDraw.swift in Sources */,
				C38156482726A0BF008E83AC /* SceneDelegate.swift in Sources */,
				C30150AF2732906600C85EF3 /* ListSamplesDraw.swift in Sources */,
			);
			runOnlyForDeploymentPostprocessing = 0;
		};
		C38156542726A0C1008E83AC /* Sources */ = {
			isa = PBXSourcesBuildPhase;
			buildActionMask = 2147483647;
			files = (
				C381565D2726A0C1008E83AC /* SampleMusicTests.swift in Sources */,
			);
			runOnlyForDeploymentPostprocessing = 0;
		};
		C381565F2726A0C1008E83AC /* Sources */ = {
			isa = PBXSourcesBuildPhase;
			buildActionMask = 2147483647;
			files = (
				C38156682726A0C1008E83AC /* SampleMusicUITests.swift in Sources */,
			);
			runOnlyForDeploymentPostprocessing = 0;
		};
/* End PBXSourcesBuildPhase section */

/* Begin PBXTargetDependency section */
		C381565A2726A0C1008E83AC /* PBXTargetDependency */ = {
			isa = PBXTargetDependency;
			target = C38156412726A0BF008E83AC /* SampleMusic */;
			targetProxy = C38156592726A0C1008E83AC /* PBXContainerItemProxy */;
		};
		C38156652726A0C1008E83AC /* PBXTargetDependency */ = {
			isa = PBXTargetDependency;
			target = C38156412726A0BF008E83AC /* SampleMusic */;
			targetProxy = C38156642726A0C1008E83AC /* PBXContainerItemProxy */;
		};
/* End PBXTargetDependency section */

/* Begin PBXVariantGroup section */
		C38156502726A0C0008E83AC /* LaunchScreen.storyboard */ = {
			isa = PBXVariantGroup;
			children = (
				C38156512726A0C0008E83AC /* Base */,
			);
			name = LaunchScreen.storyboard;
			sourceTree = "<group>";
		};
/* End PBXVariantGroup section */

/* Begin XCBuildConfiguration section */
		C381566A2726A0C1008E83AC /* Debug */ = {
			isa = XCBuildConfiguration;
			buildSettings = {
				ALWAYS_SEARCH_USER_PATHS = NO;
				CLANG_ANALYZER_NONNULL = YES;
				CLANG_ANALYZER_NUMBER_OBJECT_CONVERSION = YES_AGGRESSIVE;
				CLANG_CXX_LANGUAGE_STANDARD = "gnu++14";
				CLANG_CXX_LIBRARY = "libc++";
				CLANG_ENABLE_MODULES = YES;
				CLANG_ENABLE_OBJC_ARC = YES;
				CLANG_ENABLE_OBJC_WEAK = YES;
				CLANG_WARN_BLOCK_CAPTURE_AUTORELEASING = YES;
				CLANG_WARN_BOOL_CONVERSION = YES;
				CLANG_WARN_COMMA = YES;
				CLANG_WARN_CONSTANT_CONVERSION = YES;
				CLANG_WARN_DEPRECATED_OBJC_IMPLEMENTATIONS = YES;
				CLANG_WARN_DIRECT_OBJC_ISA_USAGE = YES_ERROR;
				CLANG_WARN_DOCUMENTATION_COMMENTS = YES;
				CLANG_WARN_EMPTY_BODY = YES;
				CLANG_WARN_ENUM_CONVERSION = YES;
				CLANG_WARN_INFINITE_RECURSION = YES;
				CLANG_WARN_INT_CONVERSION = YES;
				CLANG_WARN_NON_LITERAL_NULL_CONVERSION = YES;
				CLANG_WARN_OBJC_IMPLICIT_RETAIN_SELF = YES;
				CLANG_WARN_OBJC_LITERAL_CONVERSION = YES;
				CLANG_WARN_OBJC_ROOT_CLASS = YES_ERROR;
				CLANG_WARN_QUOTED_INCLUDE_IN_FRAMEWORK_HEADER = YES;
				CLANG_WARN_RANGE_LOOP_ANALYSIS = YES;
				CLANG_WARN_STRICT_PROTOTYPES = YES;
				CLANG_WARN_SUSPICIOUS_MOVE = YES;
				CLANG_WARN_UNGUARDED_AVAILABILITY = YES_AGGRESSIVE;
				CLANG_WARN_UNREACHABLE_CODE = YES;
				CLANG_WARN__DUPLICATE_METHOD_MATCH = YES;
				COPY_PHASE_STRIP = NO;
				DEBUG_INFORMATION_FORMAT = dwarf;
				ENABLE_STRICT_OBJC_MSGSEND = YES;
				ENABLE_TESTABILITY = YES;
				GCC_C_LANGUAGE_STANDARD = gnu11;
				GCC_DYNAMIC_NO_PIC = NO;
				GCC_NO_COMMON_BLOCKS = YES;
				GCC_OPTIMIZATION_LEVEL = 0;
				GCC_PREPROCESSOR_DEFINITIONS = (
					"DEBUG=1",
					"$(inherited)",
				);
				GCC_WARN_64_TO_32_BIT_CONVERSION = YES;
				GCC_WARN_ABOUT_RETURN_TYPE = YES_ERROR;
				GCC_WARN_UNDECLARED_SELECTOR = YES;
				GCC_WARN_UNINITIALIZED_AUTOS = YES_AGGRESSIVE;
				GCC_WARN_UNUSED_FUNCTION = YES;
				GCC_WARN_UNUSED_VARIABLE = YES;
				IPHONEOS_DEPLOYMENT_TARGET = 14.5;
				MTL_ENABLE_DEBUG_INFO = INCLUDE_SOURCE;
				MTL_FAST_MATH = YES;
				ONLY_ACTIVE_ARCH = YES;
				SDKROOT = iphoneos;
				SWIFT_ACTIVE_COMPILATION_CONDITIONS = DEBUG;
				SWIFT_OPTIMIZATION_LEVEL = "-Onone";
			};
			name = Debug;
		};
		C381566B2726A0C1008E83AC /* Release */ = {
			isa = XCBuildConfiguration;
			buildSettings = {
				ALWAYS_SEARCH_USER_PATHS = NO;
				CLANG_ANALYZER_NONNULL = YES;
				CLANG_ANALYZER_NUMBER_OBJECT_CONVERSION = YES_AGGRESSIVE;
				CLANG_CXX_LANGUAGE_STANDARD = "gnu++14";
				CLANG_CXX_LIBRARY = "libc++";
				CLANG_ENABLE_MODULES = YES;
				CLANG_ENABLE_OBJC_ARC = YES;
				CLANG_ENABLE_OBJC_WEAK = YES;
				CLANG_WARN_BLOCK_CAPTURE_AUTORELEASING = YES;
				CLANG_WARN_BOOL_CONVERSION = YES;
				CLANG_WARN_COMMA = YES;
				CLANG_WARN_CONSTANT_CONVERSION = YES;
				CLANG_WARN_DEPRECATED_OBJC_IMPLEMENTATIONS = YES;
				CLANG_WARN_DIRECT_OBJC_ISA_USAGE = YES_ERROR;
				CLANG_WARN_DOCUMENTATION_COMMENTS = YES;
				CLANG_WARN_EMPTY_BODY = YES;
				CLANG_WARN_ENUM_CONVERSION = YES;
				CLANG_WARN_INFINITE_RECURSION = YES;
				CLANG_WARN_INT_CONVERSION = YES;
				CLANG_WARN_NON_LITERAL_NULL_CONVERSION = YES;
				CLANG_WARN_OBJC_IMPLICIT_RETAIN_SELF = YES;
				CLANG_WARN_OBJC_LITERAL_CONVERSION = YES;
				CLANG_WARN_OBJC_ROOT_CLASS = YES_ERROR;
				CLANG_WARN_QUOTED_INCLUDE_IN_FRAMEWORK_HEADER = YES;
				CLANG_WARN_RANGE_LOOP_ANALYSIS = YES;
				CLANG_WARN_STRICT_PROTOTYPES = YES;
				CLANG_WARN_SUSPICIOUS_MOVE = YES;
				CLANG_WARN_UNGUARDED_AVAILABILITY = YES_AGGRESSIVE;
				CLANG_WARN_UNREACHABLE_CODE = YES;
				CLANG_WARN__DUPLICATE_METHOD_MATCH = YES;
				COPY_PHASE_STRIP = NO;
				DEBUG_INFORMATION_FORMAT = "dwarf-with-dsym";
				ENABLE_NS_ASSERTIONS = NO;
				ENABLE_STRICT_OBJC_MSGSEND = YES;
				GCC_C_LANGUAGE_STANDARD = gnu11;
				GCC_NO_COMMON_BLOCKS = YES;
				GCC_WARN_64_TO_32_BIT_CONVERSION = YES;
				GCC_WARN_ABOUT_RETURN_TYPE = YES_ERROR;
				GCC_WARN_UNDECLARED_SELECTOR = YES;
				GCC_WARN_UNINITIALIZED_AUTOS = YES_AGGRESSIVE;
				GCC_WARN_UNUSED_FUNCTION = YES;
				GCC_WARN_UNUSED_VARIABLE = YES;
				IPHONEOS_DEPLOYMENT_TARGET = 14.5;
				MTL_ENABLE_DEBUG_INFO = NO;
				MTL_FAST_MATH = YES;
				SDKROOT = iphoneos;
				SWIFT_COMPILATION_MODE = wholemodule;
				SWIFT_OPTIMIZATION_LEVEL = "-O";
				VALIDATE_PRODUCT = YES;
			};
			name = Release;
		};
		C381566D2726A0C1008E83AC /* Debug */ = {
			isa = XCBuildConfiguration;
			baseConfigurationReference = E422F86AE22F9CF71F8803D2 /* Pods-SampleMusic.debug.xcconfig */;
			buildSettings = {
				ASSETCATALOG_COMPILER_APPICON_NAME = AppIcon;
				ASSETCATALOG_COMPILER_GLOBAL_ACCENT_COLOR_NAME = AccentColor;
				CODE_SIGN_STYLE = Automatic;
				DEVELOPMENT_TEAM = XJZXQZAKD4;
				INFOPLIST_FILE = SampleMusic/Info.plist;
				LD_RUNPATH_SEARCH_PATHS = (
					"$(inherited)",
					"@executable_path/Frameworks",
				);
				PRODUCT_BUNDLE_IDENTIFIER = com.Luk.SampleMusic;
				PRODUCT_NAME = "$(TARGET_NAME)";
				SWIFT_VERSION = 5.0;
				TARGETED_DEVICE_FAMILY = "1,2";
			};
			name = Debug;
		};
		C381566E2726A0C1008E83AC /* Release */ = {
			isa = XCBuildConfiguration;
			baseConfigurationReference = 4CE783F6628B3849DDC5686C /* Pods-SampleMusic.release.xcconfig */;
			buildSettings = {
				ASSETCATALOG_COMPILER_APPICON_NAME = AppIcon;
				ASSETCATALOG_COMPILER_GLOBAL_ACCENT_COLOR_NAME = AccentColor;
				CODE_SIGN_STYLE = Automatic;
				DEVELOPMENT_TEAM = XJZXQZAKD4;
				INFOPLIST_FILE = SampleMusic/Info.plist;
				LD_RUNPATH_SEARCH_PATHS = (
					"$(inherited)",
					"@executable_path/Frameworks",
				);
				PRODUCT_BUNDLE_IDENTIFIER = com.Luk.SampleMusic;
				PRODUCT_NAME = "$(TARGET_NAME)";
				SWIFT_VERSION = 5.0;
				TARGETED_DEVICE_FAMILY = "1,2";
			};
			name = Release;
		};
		C38156702726A0C1008E83AC /* Debug */ = {
			isa = XCBuildConfiguration;
			baseConfigurationReference = 211C30A5293F2D478808A40F /* Pods-SampleMusicTests.debug.xcconfig */;
			buildSettings = {
				ALWAYS_EMBED_SWIFT_STANDARD_LIBRARIES = YES;
				BUNDLE_LOADER = "$(TEST_HOST)";
				CODE_SIGN_STYLE = Automatic;
				DEVELOPMENT_TEAM = XJZXQZAKD4;
				INFOPLIST_FILE = SampleMusicTests/Info.plist;
				IPHONEOS_DEPLOYMENT_TARGET = 14.5;
				LD_RUNPATH_SEARCH_PATHS = (
					"$(inherited)",
					"@executable_path/Frameworks",
					"@loader_path/Frameworks",
				);
				PRODUCT_BUNDLE_IDENTIFIER = com.Luk.SampleMusicTests;
				PRODUCT_NAME = "$(TARGET_NAME)";
				SWIFT_VERSION = 5.0;
				TARGETED_DEVICE_FAMILY = "1,2";
				TEST_HOST = "$(BUILT_PRODUCTS_DIR)/SampleMusic.app/SampleMusic";
			};
			name = Debug;
		};
		C38156712726A0C1008E83AC /* Release */ = {
			isa = XCBuildConfiguration;
			baseConfigurationReference = AB940735E610B39B5A3B3EBE /* Pods-SampleMusicTests.release.xcconfig */;
			buildSettings = {
				ALWAYS_EMBED_SWIFT_STANDARD_LIBRARIES = YES;
				BUNDLE_LOADER = "$(TEST_HOST)";
				CODE_SIGN_STYLE = Automatic;
				DEVELOPMENT_TEAM = XJZXQZAKD4;
				INFOPLIST_FILE = SampleMusicTests/Info.plist;
				IPHONEOS_DEPLOYMENT_TARGET = 14.5;
				LD_RUNPATH_SEARCH_PATHS = (
					"$(inherited)",
					"@executable_path/Frameworks",
					"@loader_path/Frameworks",
				);
				PRODUCT_BUNDLE_IDENTIFIER = com.Luk.SampleMusicTests;
				PRODUCT_NAME = "$(TARGET_NAME)";
				SWIFT_VERSION = 5.0;
				TARGETED_DEVICE_FAMILY = "1,2";
				TEST_HOST = "$(BUILT_PRODUCTS_DIR)/SampleMusic.app/SampleMusic";
			};
			name = Release;
		};
		C38156732726A0C1008E83AC /* Debug */ = {
			isa = XCBuildConfiguration;
			baseConfigurationReference = 60A490E9741567546D2FECC3 /* Pods-SampleMusic-SampleMusicUITests.debug.xcconfig */;
			buildSettings = {
				ALWAYS_EMBED_SWIFT_STANDARD_LIBRARIES = YES;
				CODE_SIGN_STYLE = Automatic;
				DEVELOPMENT_TEAM = XJZXQZAKD4;
				INFOPLIST_FILE = SampleMusicUITests/Info.plist;
				LD_RUNPATH_SEARCH_PATHS = (
					"$(inherited)",
					"@executable_path/Frameworks",
					"@loader_path/Frameworks",
				);
				PRODUCT_BUNDLE_IDENTIFIER = com.Luk.SampleMusicUITests;
				PRODUCT_NAME = "$(TARGET_NAME)";
				SWIFT_VERSION = 5.0;
				TARGETED_DEVICE_FAMILY = "1,2";
				TEST_TARGET_NAME = SampleMusic;
			};
			name = Debug;
		};
		C38156742726A0C1008E83AC /* Release */ = {
			isa = XCBuildConfiguration;
			baseConfigurationReference = F7C1D32D370808EEFD3488BC /* Pods-SampleMusic-SampleMusicUITests.release.xcconfig */;
			buildSettings = {
				ALWAYS_EMBED_SWIFT_STANDARD_LIBRARIES = YES;
				CODE_SIGN_STYLE = Automatic;
				DEVELOPMENT_TEAM = XJZXQZAKD4;
				INFOPLIST_FILE = SampleMusicUITests/Info.plist;
				LD_RUNPATH_SEARCH_PATHS = (
					"$(inherited)",
					"@executable_path/Frameworks",
					"@loader_path/Frameworks",
				);
				PRODUCT_BUNDLE_IDENTIFIER = com.Luk.SampleMusicUITests;
				PRODUCT_NAME = "$(TARGET_NAME)";
				SWIFT_VERSION = 5.0;
				TARGETED_DEVICE_FAMILY = "1,2";
				TEST_TARGET_NAME = SampleMusic;
			};
			name = Release;
		};
/* End XCBuildConfiguration section */

/* Begin XCConfigurationList section */
		C381563D2726A0BF008E83AC /* Build configuration list for PBXProject "SampleMusic" */ = {
			isa = XCConfigurationList;
			buildConfigurations = (
				C381566A2726A0C1008E83AC /* Debug */,
				C381566B2726A0C1008E83AC /* Release */,
			);
			defaultConfigurationIsVisible = 0;
			defaultConfigurationName = Release;
		};
		C381566C2726A0C1008E83AC /* Build configuration list for PBXNativeTarget "SampleMusic" */ = {
			isa = XCConfigurationList;
			buildConfigurations = (
				C381566D2726A0C1008E83AC /* Debug */,
				C381566E2726A0C1008E83AC /* Release */,
			);
			defaultConfigurationIsVisible = 0;
			defaultConfigurationName = Release;
		};
		C381566F2726A0C1008E83AC /* Build configuration list for PBXNativeTarget "SampleMusicTests" */ = {
			isa = XCConfigurationList;
			buildConfigurations = (
				C38156702726A0C1008E83AC /* Debug */,
				C38156712726A0C1008E83AC /* Release */,
			);
			defaultConfigurationIsVisible = 0;
			defaultConfigurationName = Release;
		};
		C38156722726A0C1008E83AC /* Build configuration list for PBXNativeTarget "SampleMusicUITests" */ = {
			isa = XCConfigurationList;
			buildConfigurations = (
				C38156732726A0C1008E83AC /* Debug */,
				C38156742726A0C1008E83AC /* Release */,
			);
			defaultConfigurationIsVisible = 0;
			defaultConfigurationName = Release;
		};
/* End XCConfigurationList section */
	};
	rootObject = C381563A2726A0BF008E83AC /* Project object */;
}
